# This lock file was generated by conda-lock (https://github.com/conda/conda-lock). DO NOT EDIT!
#
# A "lock file" contains a concrete list of package versions (with checksums) to be installed. Unlike
# e.g. `conda env create`, the resulting environment will not change as new package versions become
# available, unless you explicitly update the lock file.
#
# Install this environment as "YOURENV" with:
#     conda-lock install -n YOURENV core_lock.yml
# To update a single package to the latest version compatible with the version constraints in the source:
#     conda-lock lock  --lockfile core_lock.yml --update PACKAGE
# To re-solve the entire environment, e.g. after changing a version constraint in the source file:
#     conda-lock -f ../envs_yml/environment-core.yml --lockfile core_lock.yml
version: 1
metadata:
  content_hash:
    linux-64: f7383265974be89791b276de543631bb850f55a17ce0eda501a147812ca7e353
  channels:
  - url: conda-forge
    used_env_vars: []
  - url: bioconda
    used_env_vars: []
  platforms:
  - linux-64
  sources:
  - ../envs_yml/environment-core.yml
package:
- name: _openmp_mutex
  version: '4.5'
  manager: conda
  platform: linux-64
  dependencies:
    __glibc: '>=2.17,<3.0.a0'
    libgomp: '>=7.5.0'
  url: https://conda.anaconda.org/conda-forge/linux-64/_openmp_mutex-4.5-20_gnu.conda
  hash:
    md5: a9f577daf3de00bca7c3c76c0ecbd1de
    sha256: 1dd3fffd892081df9726d7eb7e0dea6198962ba775bd88842135a4ddb4deb3c9
  category: main
  optional: false
- name: bcftools
  version: 1.23.1
  manager: conda
  platform: linux-64
  dependencies:
    gsl: '>=2.7,<2.8.0a0'
    htslib: '>=1.23,<1.24.0a0'
    libgcc: '>=14'
    libzlib: '>=1.3.1,<2.0a0'
    perl: ''
  url: https://conda.anaconda.org/bioconda/linux-64/bcftools-1.23.1-hb2cee57_0.conda
  hash:
    md5: 7fa25d1694f3a94ebb2c71dfc265f792
    sha256: 7a1727a4c13a30437d6dabe9aa821d0d5fd0e4a49233cc82e8b10977ceb7efb7
  category: main
  optional: false
- name: bedtools
  version: 2.31.1
  manager: conda
  platform: linux-64
  dependencies:
    bzip2: '>=1.0.8,<2.0a0'
    libgcc: '>=13'
    liblzma: '>=5.6.3,<6.0a0'
    libstdcxx: '>=13'
    libzlib: '>=1.3.1,<2.0a0'
  url: https://conda.anaconda.org/bioconda/linux-64/bedtools-2.31.1-h13024bc_3.tar.bz2
  hash:
    md5: 99c4e90e82db906439e00beafb343d16
    sha256: d8b7aef31be37da761a87e1263ea00d62b67134b546f018067786aa6d3dccfac
  category: main
  optional: false
- name: bzip2
  version: 1.0.8
  manager: conda
  platform: linux-64
  dependencies:
    __glibc: '>=2.17,<3.0.a0'
    libgcc: '>=14'
  url: https://conda.anaconda.org/conda-forge/linux-64/bzip2-1.0.8-hda65f42_9.conda
  hash:
    md5: d2ffd7602c02f2b316fd921d39876885
    sha256: 0b75d45f0bba3e95dc693336fa51f40ea28c980131fec438afb7ce6118ed05f6
  category: main
  optional: false
- name: c-ares
  version: 1.34.6
  manager: conda
  platform: linux-64
  dependencies:
    __glibc: '>=2.17,<3.0.a0'
    libgcc: '>=14'
  url: https://conda.anaconda.org/conda-forge/linux-64/c-ares-1.34.6-hb03c661_0.conda
  hash:
    md5: 920bb03579f15389b9e512095ad995b7
    sha256: cc9accf72fa028d31c2a038460787751127317dcfa991f8d1f1babf216bb454e
  category: main
  optional: false
- name: ca-certificates
  version: 2026.5.20
  manager: conda
  platform: linux-64
  dependencies:
    __unix: ''
  url: https://conda.anaconda.org/conda-forge/noarch/ca-certificates-2026.5.20-hbd8a1cb_0.conda
  hash:
    md5: 489b8e97e666c93f68fdb35c3c9b957f
    sha256: 9812a303a1395e1dafbd92e5bc8a1ff6013bcbba0a09c7f03a8d23e43560aa9b
  category: main
  optional: false
- name: fastp
  version: 1.3.2
  manager: conda
  platform: linux-64
  dependencies:
    isa-l: '>=2.31.1,<3.0a0'
    libdeflate: '>=1.25,<1.26.0a0'
    libgcc: '>=14'
    libhwy: '>=1.3.0,<1.4.0a0'
    libstdcxx: '>=14'
  url: https://conda.anaconda.org/bioconda/linux-64/fastp-1.3.2-h43da1c4_0.conda
  hash:
    md5: bdf5f6a96b1d958aeeca8e674cae5fb2
    sha256: 309d7e0b5075831bb754eee93a418051272f0148a69e5bef5beb940390421ea6
  category: main
  optional: false
- name: fastprogress
  version: 1.0.3
  manager: conda
  platform: linux-64
  dependencies:
    python: '>=3.9'
  url: https://conda.anaconda.org/conda-forge/noarch/fastprogress-1.0.3-pyhd8ed1ab_1.conda
  hash:
    md5: a1f997959ce49fe4d554a8ae6d3ef494
    sha256: f8e8319c9fd9e11752c3efcd8ae98c07ea04afea389bb2e87414c8ed3bc73ff5
  category: main
  optional: false
- name: gsl
  version: '2.7'
  manager: conda
  platform: linux-64
  dependencies:
    libblas: '>=3.8.0,<4.0a0'
    libcblas: '>=3.8.0,<4.0a0'
    libgcc-ng: '>=9.3.0'
  url: https://conda.anaconda.org/conda-forge/linux-64/gsl-2.7-he838d99_0.tar.bz2
  hash:
    md5: fec079ba39c9cca093bf4c00001825de
    sha256: 132a918b676dd1f533d7c6f95e567abf7081a6ea3251c3280de35ef600e0da87
  category: main
  optional: false
- name: htslib
  version: 1.23.1
  manager: conda
  platform: linux-64
  dependencies:
    bzip2: '>=1.0.8,<2.0a0'
    libcurl: '>=8.19.0,<9.0a0'
    libdeflate: '>=1.25,<1.26.0a0'
    libgcc: '>=14'
    liblzma: '>=5.8.2,<6.0a0'
    libzlib: '>=1.3.1,<2.0a0'
    openssl: '>=3.5.5,<4.0a0'
  url: https://conda.anaconda.org/bioconda/linux-64/htslib-1.23.1-h633afcb_0.conda
  hash:
    md5: 209caa9e4ff0b9ed02dd09c3161917e5
    sha256: d0977efb1885c9f00ca76ee13e7c0f9a8936bf271eec25ffa78606cd816a13c9
  category: main
  optional: false
- name: isa-l
  version: 2.31.1
  manager: conda
  platform: linux-64
  dependencies:
    __glibc: '>=2.17,<3.0.a0'
    libgcc: '>=13'
  url: https://conda.anaconda.org/conda-forge/linux-64/isa-l-2.31.1-hb9d3cd8_1.conda
  hash:
    md5: 00f364ec0a7e975ec9d2fc720b19c129
    sha256: 75b15f01a6b286630c4a98be0d05e286275a5ef3868e23e6d9644e51b73650e1
  category: main
  optional: false
- name: keyutils
  version: 1.6.3
  manager: conda
  platform: linux-64
  dependencies:
    __glibc: '>=2.17,<3.0.a0'
    libgcc: '>=13'
  url: https://conda.anaconda.org/conda-forge/linux-64/keyutils-1.6.3-hb9d3cd8_0.conda
  hash:
    md5: b38117a3c920364aff79f870c984b4a3
    sha256: 0960d06048a7185d3542d850986d807c6e37ca2e644342dd0c72feefcf26c2a4
  category: main
  optional: false
- name: krb5
  version: 1.22.2
  manager: conda
  platform: linux-64
  dependencies:
    __glibc: '>=2.17,<3.0.a0'
    keyutils: '>=1.6.3,<2.0a0'
    libedit: '>=3.1.20250104,<4.0a0'
    libgcc: '>=14'
    libstdcxx: '>=14'
    openssl: '>=3.5.5,<4.0a0'
  url: https://conda.anaconda.org/conda-forge/linux-64/krb5-1.22.2-ha1258a1_0.conda
  hash:
    md5: fb53fb07ce46a575c5d004bbc96032c2
    sha256: 3e307628ca3527448dd1cb14ad7bb9d04d1d28c7d4c5f97ba196ae984571dd25
  category: main
  optional: false
- name: ld_impl_linux-64
  version: 2.45.1
  manager: conda
  platform: linux-64
  dependencies:
    __glibc: '>=2.17,<3.0.a0'
    zstd: '>=1.5.7,<1.6.0a0'
  url: https://conda.anaconda.org/conda-forge/linux-64/ld_impl_linux-64-2.45.1-default_hbd61a6d_102.conda
  hash:
    md5: 18335a698559cdbcd86150a48bf54ba6
    sha256: 3d584956604909ff5df353767f3a2a2f60e07d070b328d109f30ac40cd62df6c
  category: main
  optional: false
- name: libblas
  version: 3.11.0
  manager: conda
  platform: linux-64
  dependencies:
    libopenblas: '>=0.3.33,<1.0a0'
  url: https://conda.anaconda.org/conda-forge/linux-64/libblas-3.11.0-7_h4a7cf45_openblas.conda
  hash:
    md5: 955b44e8b00b7f7ef4ce0130cef12394
    sha256: 081c850f99bc355821fac9c6e3727d40b3f8ce3beb50a5437cf03726b611ff39
  category: main
  optional: false
- name: libcblas
  version: 3.11.0
  manager: conda
  platform: linux-64
  dependencies:
    libblas: 3.11.0
  url: https://conda.anaconda.org/conda-forge/linux-64/libcblas-3.11.0-7_h0358290_openblas.conda
  hash:
    md5: 0675639dc24cb0032f199e7ff68e4633
    sha256: 956ae0bb1ec8b0c3663d75b151aceb0521b54e513bf97f621a035f9c87037970
  category: main
  optional: false
- name: libcurl
  version: 8.20.0
  manager: conda
  platform: linux-64
  dependencies:
    __glibc: '>=2.17,<3.0.a0'
    krb5: '>=1.22.2,<1.23.0a0'
    libgcc: '>=14'
    libnghttp2: '>=1.68.1,<2.0a0'
    libssh2: '>=1.11.1,<2.0a0'
    libzlib: '>=1.3.2,<2.0a0'
    openssl: '>=3.5.6,<4.0a0'
    zstd: '>=1.5.7,<1.6.0a0'
  url: https://conda.anaconda.org/conda-forge/linux-64/libcurl-8.20.0-hcf29cc6_0.conda
  hash:
    md5: c3cc2864f82a944bc90a7beb4d3b0e88
    sha256: 75963a5dd913311f59a35dbd307592f4fa754c4808aff9c33edb430c415e38eb
  category: main
  optional: false
- name: libdeflate
  version: '1.25'
  manager: conda
  platform: linux-64
  dependencies:
    __glibc: '>=2.17,<3.0.a0'
    libgcc: '>=14'
  url: https://conda.anaconda.org/conda-forge/linux-64/libdeflate-1.25-h17f619e_0.conda
  hash:
    md5: 6c77a605a7a689d17d4819c0f8ac9a00
    sha256: aa8e8c4be9a2e81610ddf574e05b64ee131fab5e0e3693210c9d6d2fba32c680
  category: main
  optional: false
- name: libedit
  version: 3.1.20250104
  manager: conda
  platform: linux-64
  dependencies:
    __glibc: '>=2.17,<3.0.a0'
    libgcc: '>=13'
    ncurses: '>=6.5,<7.0a0'
  url: https://conda.anaconda.org/conda-forge/linux-64/libedit-3.1.20250104-pl5321h7949ede_0.conda
  hash:
    md5: c277e0a4d549b03ac1e9d6cbbe3d017b
    sha256: d789471216e7aba3c184cd054ed61ce3f6dac6f87a50ec69291b9297f8c18724
  category: main
  optional: false
- name: libev
  version: '4.33'
  manager: conda
  platform: linux-64
  dependencies:
    libgcc-ng: '>=12'
  url: https://conda.anaconda.org/conda-forge/linux-64/libev-4.33-hd590300_2.conda
  hash:
    md5: 172bf1cd1ff8629f2b1179945ed45055
    sha256: 1cd6048169fa0395af74ed5d8f1716e22c19a81a8a36f934c110ca3ad4dd27b4
  category: main
  optional: false
- name: libexpat
  version: 2.8.1
  manager: conda
  platform: linux-64
  dependencies:
    __glibc: '>=2.17,<3.0.a0'
    libgcc: '>=14'
  url: https://conda.anaconda.org/conda-forge/linux-64/libexpat-2.8.1-hecca717_0.conda
  hash:
    md5: 93764a5ca80616e9c10106cdaec92f74
    sha256: 363018b25fdb5534c79783d912bd4b685a3547f4fc5996357ad548899b0ee8e7
  category: main
  optional: false
- name: libffi
  version: 3.5.2
  manager: conda
  platform: linux-64
  dependencies:
    __glibc: '>=2.17,<3.0.a0'
    libgcc: '>=14'
  url: https://conda.anaconda.org/conda-forge/linux-64/libffi-3.5.2-h3435931_0.conda
  hash:
    md5: a360c33a5abe61c07959e449fa1453eb
    sha256: 31f19b6a88ce40ebc0d5a992c131f57d919f73c0b92cd1617a5bec83f6e961e6
  category: main
  optional: false
- name: libgcc
  version: 15.2.0
  manager: conda
  platform: linux-64
  dependencies:
    __glibc: '>=2.17,<3.0.a0'
    _openmp_mutex: '>=4.5'
  url: https://conda.anaconda.org/conda-forge/linux-64/libgcc-15.2.0-he0feb66_19.conda
  hash:
    md5: 57736f29cc2b0ec0b6c2952d3f101b6a
    sha256: 8e0a3b5e41272e5678499b5dfc4cddb673f9e935de01eb0767ce857001229f46
  category: main
  optional: false
- name: libgcc-ng
  version: 15.2.0
  manager: conda
  platform: linux-64
  dependencies:
    libgcc: 15.2.0
  url: https://conda.anaconda.org/conda-forge/linux-64/libgcc-ng-15.2.0-h69a702a_19.conda
  hash:
    md5: 331ee9b72b9dff570d56b1302c5ab37d
    sha256: 9dcf54adfaa5e861123c2da4f2f0451a685464ea7e5a41ad91cf67b31d658d98
  category: main
  optional: false
- name: libgfortran
  version: 15.2.0
  manager: conda
  platform: linux-64
  dependencies:
    libgfortran5: 15.2.0
  url: https://conda.anaconda.org/conda-forge/linux-64/libgfortran-15.2.0-h69a702a_19.conda
  hash:
    md5: 42bf7eca1a951735fa06c0e3c0d5c8e6
    sha256: 561a42758ef25b9ce308c4e2cf56daee4f06138385a17e29a492cd928e00be6f
  category: main
  optional: false
- name: libgfortran5
  version: 15.2.0
  manager: conda
  platform: linux-64
  dependencies:
    __glibc: '>=2.17,<3.0.a0'
    libgcc: '>=15.2.0'
  url: https://conda.anaconda.org/conda-forge/linux-64/libgfortran5-15.2.0-h68bc16d_19.conda
  hash:
    md5: 85072b0ad177c966294f129b7c04a2d5
    sha256: 057978bb69fea29ed715a9b98adf71015c31baecc4aeb2bfc20d4fd5d83579d4
  category: main
  optional: false
- name: libgomp
  version: 15.2.0
  manager: conda
  platform: linux-64
  dependencies:
    __glibc: '>=2.17,<3.0.a0'
  url: https://conda.anaconda.org/conda-forge/linux-64/libgomp-15.2.0-he0feb66_19.conda
  hash:
    md5: faac990cb7aedc7f3a2224f2c9b0c26c
    sha256: 5abe4ab9d93f6c9757d654f1969ae2267d4505315c1f2f8fe705fd60af084f1b
  category: main
  optional: false
- name: libhwy
  version: 1.3.0
  manager: conda
  platform: linux-64
  dependencies:
    __glibc: '>=2.17,<3.0.a0'
    libgcc: '>=14'
    libstdcxx: '>=14'
  url: https://conda.anaconda.org/conda-forge/linux-64/libhwy-1.3.0-h4c17acf_1.conda
  hash:
    md5: c2a0c1d0120520e979685034e0b79859
    sha256: 2bdd1cdd677b119abc5e83069bec2e28fe6bfb21ebaea3cd07acee67f38ea274
  category: main
  optional: false
- name: liblzma
  version: 5.8.3
  manager: conda
  platform: linux-64
  dependencies:
    __glibc: '>=2.17,<3.0.a0'
    libgcc: '>=14'
  url: https://conda.anaconda.org/conda-forge/linux-64/liblzma-5.8.3-hb03c661_0.conda
  hash:
    md5: b88d90cad08e6bc8ad540cb310a761fb
    sha256: ec30e52a3c1bf7d0425380a189d209a52baa03f22fb66dd3eb587acaa765bd6d
  category: main
  optional: false
- name: libmpdec
  version: 4.0.0
  manager: conda
  platform: linux-64
  dependencies:
    __glibc: '>=2.17,<3.0.a0'
    libgcc: '>=14'
  url: https://conda.anaconda.org/conda-forge/linux-64/libmpdec-4.0.0-hb03c661_1.conda
  hash:
    md5: 2c21e66f50753a083cbe6b80f38268fa
    sha256: fe171ed5cf5959993d43ff72de7596e8ac2853e9021dec0344e583734f1e0843
  category: main
  optional: false
- name: libnghttp2
  version: 1.68.1
  manager: conda
  platform: linux-64
  dependencies:
    __glibc: '>=2.17,<3.0.a0'
    c-ares: '>=1.34.6,<2.0a0'
    libev: '>=4.33,<5.0a0'
    libgcc: '>=14'
    libstdcxx: '>=14'
    libzlib: '>=1.3.1,<2.0a0'
    openssl: '>=3.5.5,<4.0a0'
  url: https://conda.anaconda.org/conda-forge/linux-64/libnghttp2-1.68.1-h877daf1_0.conda
  hash:
    md5: 2a45e7f8af083626f009645a6481f12d
    sha256: 663444d77a42f2265f54fb8b48c5450bfff4388d9c0f8253dd7855f0d993153f
  category: main
  optional: false
- name: libopenblas
  version: 0.3.33
  manager: conda
  platform: linux-64
  dependencies:
    __glibc: '>=2.17,<3.0.a0'
    libgcc: '>=14'
    libgfortran: ''
    libgfortran5: '>=14.3.0'
  url: https://conda.anaconda.org/conda-forge/linux-64/libopenblas-0.3.33-pthreads_h94d23a6_0.conda
  hash:
    md5: 2d3278b721e40468295ca755c3b84070
    sha256: 3d9aa85648e5e18a6d66db98b8c4317cc426721ad7a220aa86330d1ccedc8903
  category: main
  optional: false
- name: libsqlite
  version: 3.53.1
  manager: conda
  platform: linux-64
  dependencies:
    __glibc: '>=2.17,<3.0.a0'
    libgcc: '>=14'
    libzlib: '>=1.3.2,<2.0a0'
  url: https://conda.anaconda.org/conda-forge/linux-64/libsqlite-3.53.1-h0c1763c_0.conda
  hash:
    md5: 7dc38adcbf71e6b38748e919e16e0dce
    sha256: 54cdcd3214313b62c2a8ee277e6f42150d9b748264c1b70d958bf735e420ef8d
  category: main
  optional: false
- name: libssh2
  version: 1.11.1
  manager: conda
  platform: linux-64
  dependencies:
    __glibc: '>=2.17,<3.0.a0'
    libgcc: '>=13'
    libzlib: '>=1.3.1,<2.0a0'
    openssl: '>=3.5.0,<4.0a0'
  url: https://conda.anaconda.org/conda-forge/linux-64/libssh2-1.11.1-hcf80075_0.conda
  hash:
    md5: eecce068c7e4eddeb169591baac20ac4
    sha256: fa39bfd69228a13e553bd24601332b7cfeb30ca11a3ca50bb028108fe90a7661
  category: main
  optional: false
- name: libstdcxx
  version: 15.2.0
  manager: conda
  platform: linux-64
  dependencies:
    __glibc: '>=2.17,<3.0.a0'
    libgcc: 15.2.0
  url: https://conda.anaconda.org/conda-forge/linux-64/libstdcxx-15.2.0-h934c35e_19.conda
  hash:
    md5: 5794b3bdc38177caf969dabd3af08549
    sha256: dff1058c76ec6b8759e41cefa2508162d00e4a5e6721aa68ec3fd10094e702dc
  category: main
  optional: false
- name: libuuid
  version: 2.42.1
  manager: conda
  platform: linux-64
  dependencies:
    __glibc: '>=2.17,<3.0.a0'
    libgcc: '>=14'
  url: https://conda.anaconda.org/conda-forge/linux-64/libuuid-2.42.1-h5347b49_0.conda
  hash:
    md5: 7d0a66598195ef00b6efc55aefc7453b
    sha256: 3f0edf1280e2f6684a986f821eaa3e123d2694a00b31b96ca0d4a4c12c129231
  category: main
  optional: false
- name: libxcrypt
  version: 4.4.36
  manager: conda
  platform: linux-64
  dependencies:
    libgcc-ng: '>=12'
  url: https://conda.anaconda.org/conda-forge/linux-64/libxcrypt-4.4.36-hd590300_1.conda
  hash:
    md5: 5aa797f8787fe7a17d1b0821485b5adc
    sha256: 6ae68e0b86423ef188196fff6207ed0c8195dd84273cb5623b85aa08033a410c
  category: main
  optional: false
- name: libzlib
  version: 1.3.2
  manager: conda
  platform: linux-64
  dependencies:
    __glibc: '>=2.17,<3.0.a0'
  url: https://conda.anaconda.org/conda-forge/linux-64/libzlib-1.3.2-h25fd6f3_2.conda
  hash:
    md5: d87ff7921124eccd67248aa483c23fec
    sha256: 55044c403570f0dc26e6364de4dc5368e5f3fc7ff103e867c487e2b5ab2bcda9
  category: main
  optional: false
- name: ncurses
  version: '6.6'
  manager: conda
  platform: linux-64
  dependencies:
    __glibc: '>=2.17,<3.0.a0'
    libgcc: '>=14'
  url: https://conda.anaconda.org/conda-forge/linux-64/ncurses-6.6-hdb14827_0.conda
  hash:
    md5: fc21868a1a5aacc937e7a18747acb8a5
    sha256: fc89f74bbe362fb29fa3c037697a89bec140b346a2469a90f7936d1d7ea4d8a3
  category: main
  optional: false
- name: openssl
  version: 3.6.2
  manager: conda
  platform: linux-64
  dependencies:
    __glibc: '>=2.17,<3.0.a0'
    ca-certificates: ''
    libgcc: '>=14'
  url: https://conda.anaconda.org/conda-forge/linux-64/openssl-3.6.2-h35e630c_0.conda
  hash:
    md5: da1b85b6a87e141f5140bb9924cecab0
    sha256: c0ef482280e38c71a08ad6d71448194b719630345b0c9c60744a2010e8a8e0cb
  category: main
  optional: false
- name: perl
  version: 5.32.1
  manager: conda
  platform: linux-64
  dependencies:
    libgcc-ng: '>=12'
    libxcrypt: '>=4.4.36'
  url: https://conda.anaconda.org/conda-forge/linux-64/perl-5.32.1-7_hd590300_perl5.conda
  hash:
    md5: f2cfec9406850991f4e3d960cc9e3321
    sha256: 9ec32b6936b0e37bcb0ed34f22ec3116e75b3c0964f9f50ecea5f58734ed6ce9
  category: main
  optional: false
- name: pip
  version: 26.1.1
  manager: conda
  platform: linux-64
  dependencies:
    python: '>=3.13.0a0'
  url: https://conda.anaconda.org/conda-forge/noarch/pip-26.1.1-pyh145f28c_0.conda
  hash:
    md5: 2e7e59a063366f1fc4f45ac86bd9485f
    sha256: 00acccc6f69568ddc56d4d5cc031fdb27eb6a1588a80b1f3a5233bd2a6f944f0
  category: main
  optional: false
- name: python
  version: 3.14.5
  manager: conda
  platform: linux-64
  dependencies:
    __glibc: '>=2.17,<3.0.a0'
    bzip2: '>=1.0.8,<2.0a0'
    ld_impl_linux-64: '>=2.36.1'
    libexpat: '>=2.8.0,<3.0a0'
    libffi: '>=3.5.2,<3.6.0a0'
    libgcc: '>=14'
    liblzma: '>=5.8.3,<6.0a0'
    libmpdec: '>=4.0.0,<5.0a0'
    libsqlite: '>=3.53.1,<4.0a0'
    libuuid: '>=2.42.1,<3.0a0'
    libzlib: '>=1.3.2,<2.0a0'
    ncurses: '>=6.6,<7.0a0'
    openssl: '>=3.5.6,<4.0a0'
    python_abi: 3.14.*
    readline: '>=8.3,<9.0a0'
    tk: '>=8.6.13,<8.7.0a0'
    tzdata: ''
    zstd: '>=1.5.7,<1.6.0a0'
  url: https://conda.anaconda.org/conda-forge/linux-64/python-3.14.5-habeac84_100_cp314.conda
  hash:
    md5: da92e59ff92f2d5ede4f612af20f583f
    sha256: 55eed9bf2a3f6e90311276f0834737fe7c2d9ec3e5e2e557507858df4c7521e6
  category: main
  optional: false
- name: python_abi
  version: '3.14'
  manager: conda
  platform: linux-64
  dependencies: {}
  url: https://conda.anaconda.org/conda-forge/noarch/python_abi-3.14-8_cp314.conda
  hash:
    md5: 0539938c55b6b1a59b560e843ad864a4
    sha256: ad6d2e9ac39751cc0529dd1566a26751a0bf2542adb0c232533d32e176e21db5
  category: main
  optional: false
- name: readline
  version: '8.3'
  manager: conda
  platform: linux-64
  dependencies:
    __glibc: '>=2.17,<3.0.a0'
    libgcc: '>=14'
    ncurses: '>=6.5,<7.0a0'
  url: https://conda.anaconda.org/conda-forge/linux-64/readline-8.3-h853b02a_0.conda
  hash:
    md5: d7d95fc8287ea7bf33e0e7116d2b95ec
    sha256: 12ffde5a6f958e285aa22c191ca01bbd3d6e710aa852e00618fa6ddc59149002
  category: main
  optional: false
- name: samtools
  version: 1.23.1
  manager: conda
  platform: linux-64
  dependencies:
    htslib: '>=1.23.1,<1.24.0a0'
    libgcc: '>=14'
    libzlib: '>=1.3.1,<2.0a0'
    ncurses: '>=6.5,<7.0a0'
  url: https://conda.anaconda.org/bioconda/linux-64/samtools-1.23.1-ha83d96e_0.conda
  hash:
    md5: 89624fbd17c069abcbc8b19b96d497a0
    sha256: 2cb721907a2df7c54580298d655ae7587dbed593bd5536fa8ef4a22c9ae2a496
  category: main
  optional: false
- name: tk
  version: 8.6.13
  manager: conda
  platform: linux-64
  dependencies:
    __glibc: '>=2.17,<3.0.a0'
    libgcc: '>=14'
    libzlib: '>=1.3.1,<2.0a0'
  url: https://conda.anaconda.org/conda-forge/linux-64/tk-8.6.13-noxft_h366c992_103.conda
  hash:
    md5: cffd3bdd58090148f4cfcd831f4b26ab
    sha256: cafeec44494f842ffeca27e9c8b0c27ed714f93ac77ddadc6aaf726b5554ebac
  category: main
  optional: false
- name: tzdata
  version: 2025c
  manager: conda
  platform: linux-64
  dependencies: {}
  url: https://conda.anaconda.org/conda-forge/noarch/tzdata-2025c-hc9c84f9_1.conda
  hash:
    md5: ad659d0a2b3e47e38d829aa8cad2d610
    sha256: 1d30098909076af33a35017eed6f2953af1c769e273a0626a04722ac4acaba3c
  category: main
  optional: false
- name: zstd
  version: 1.5.7
  manager: conda
  platform: linux-64
  dependencies:
    __glibc: '>=2.17,<3.0.a0'
    libzlib: '>=1.3.1,<2.0a0'
  url: https://conda.anaconda.org/conda-forge/linux-64/zstd-1.5.7-hb78ec9c_6.conda
  hash:
    md5: 4a13eeac0b5c8e5b8ab496e6c4ddd829
    sha256: 68f0206ca6e98fea941e5717cec780ed2873ffabc0e1ed34428c061e2c6268c7
  category: main
  optional: false
