# This lock file was generated by conda-lock (https://github.com/conda/conda-lock). DO NOT EDIT!
#
# A "lock file" contains a concrete list of package versions (with checksums) to be installed. Unlike
# e.g. `conda env create`, the resulting environment will not change as new package versions become
# available, unless you explicitly update the lock file.
#
# Install this environment as "YOURENV" with:
#     conda-lock install -n YOURENV delly_lock.yml
# To update a single package to the latest version compatible with the version constraints in the source:
#     conda-lock lock  --lockfile delly_lock.yml --update PACKAGE
# To re-solve the entire environment, e.g. after changing a version constraint in the source file:
#     conda-lock -f ../envs_yml/environment-delly.yml --lockfile delly_lock.yml
version: 1
metadata:
  content_hash:
    linux-64: 6f857e1c3173670c119a9e5f040fae16b5b8fda2c5c5e1432628561cdfaa2a66
  channels:
  - url: conda-forge
    used_env_vars: []
  - url: bioconda
    used_env_vars: []
  platforms:
  - linux-64
  sources:
  - ../envs_yml/environment-delly.yml
package:
- name: _openmp_mutex
  version: '4.5'
  manager: conda
  platform: linux-64
  dependencies:
    __glibc: '>=2.17,<3.0.a0'
    libgomp: '>=7.5.0'
  url: https://conda.anaconda.org/conda-forge/linux-64/_openmp_mutex-4.5-20_gnu.conda
  hash:
    md5: a9f577daf3de00bca7c3c76c0ecbd1de
    sha256: 1dd3fffd892081df9726d7eb7e0dea6198962ba775bd88842135a4ddb4deb3c9
  category: main
  optional: false
- name: bcftools
  version: 1.23.1
  manager: conda
  platform: linux-64
  dependencies:
    gsl: '>=2.7,<2.8.0a0'
    htslib: '>=1.23,<1.24.0a0'
    libgcc: '>=14'
    libzlib: '>=1.3.1,<2.0a0'
    perl: ''
  url: https://conda.anaconda.org/bioconda/linux-64/bcftools-1.23.1-hb2cee57_0.conda
  hash:
    md5: 7fa25d1694f3a94ebb2c71dfc265f792
    sha256: 7a1727a4c13a30437d6dabe9aa821d0d5fd0e4a49233cc82e8b10977ceb7efb7
  category: main
  optional: false
- name: boost-cpp
  version: 1.85.0
  manager: conda
  platform: linux-64
  dependencies:
    bzip2: '>=1.0.8,<2.0a0'
    icu: '>=75.1,<76.0a0'
    libboost-devel: 1.85.0
    libzlib: '>=1.3.1,<2.0a0'
    xz: '>=5.2.6,<6.0a0'
    zstd: '>=1.5.6,<1.6.0a0'
  url: https://conda.anaconda.org/conda-forge/linux-64/boost-cpp-1.85.0-h3c6214e_4.conda
  hash:
    md5: cc4533eabf5caa8b4fbb56418d1617a9
    sha256: dec1f52d8869b94a9cb2b4d9a727a00ae2c54e7b5a66a51d3d9f1c33159ebb45
  category: main
  optional: false
- name: bzip2
  version: 1.0.8
  manager: conda
  platform: linux-64
  dependencies:
    __glibc: '>=2.17,<3.0.a0'
    libgcc: '>=14'
  url: https://conda.anaconda.org/conda-forge/linux-64/bzip2-1.0.8-hda65f42_9.conda
  hash:
    md5: d2ffd7602c02f2b316fd921d39876885
    sha256: 0b75d45f0bba3e95dc693336fa51f40ea28c980131fec438afb7ce6118ed05f6
  category: main
  optional: false
- name: c-ares
  version: 1.34.6
  manager: conda
  platform: linux-64
  dependencies:
    __glibc: '>=2.17,<3.0.a0'
    libgcc: '>=14'
  url: https://conda.anaconda.org/conda-forge/linux-64/c-ares-1.34.6-hb03c661_0.conda
  hash:
    md5: 920bb03579f15389b9e512095ad995b7
    sha256: cc9accf72fa028d31c2a038460787751127317dcfa991f8d1f1babf216bb454e
  category: main
  optional: false
- name: ca-certificates
  version: 2026.4.22
  manager: conda
  platform: linux-64
  dependencies:
    __unix: ''
  url: https://conda.anaconda.org/conda-forge/noarch/ca-certificates-2026.4.22-hbd8a1cb_0.conda
  hash:
    md5: e18ad67cf881dcadee8b8d9e2f8e5f73
    sha256: c9dbcc8039a52023660d6d1bbf87594a93dd69c6ac5a2a44323af2c92976728d
  category: main
  optional: false
- name: delly
  version: 1.7.3
  manager: conda
  platform: linux-64
  dependencies:
    boost-cpp: ''
    bzip2: '>=1.0.8,<2.0a0'
    htslib: '>=1.23,<1.24.0a0'
    libgcc: '>=14'
    liblzma: '>=5.8.2,<6.0a0'
    libstdcxx: '>=14'
    libzlib: '>=1.3.1,<2.0a0'
  url: https://conda.anaconda.org/bioconda/linux-64/delly-1.7.3-hd6466ae_0.conda
  hash:
    md5: dc982ed3a3203f0e600dd3652349b8b6
    sha256: a79839f231a3bb373cce76e069d9c57fd5f0c03d506730290baeaa0cccc64718
  category: main
  optional: false
- name: gsl
  version: '2.7'
  manager: conda
  platform: linux-64
  dependencies:
    libblas: '>=3.8.0,<4.0a0'
    libcblas: '>=3.8.0,<4.0a0'
    libgcc-ng: '>=9.3.0'
  url: https://conda.anaconda.org/conda-forge/linux-64/gsl-2.7-he838d99_0.tar.bz2
  hash:
    md5: fec079ba39c9cca093bf4c00001825de
    sha256: 132a918b676dd1f533d7c6f95e567abf7081a6ea3251c3280de35ef600e0da87
  category: main
  optional: false
- name: htslib
  version: 1.23.1
  manager: conda
  platform: linux-64
  dependencies:
    bzip2: '>=1.0.8,<2.0a0'
    libcurl: '>=8.19.0,<9.0a0'
    libdeflate: '>=1.25,<1.26.0a0'
    libgcc: '>=14'
    liblzma: '>=5.8.2,<6.0a0'
    libzlib: '>=1.3.1,<2.0a0'
    openssl: '>=3.5.5,<4.0a0'
  url: https://conda.anaconda.org/bioconda/linux-64/htslib-1.23.1-h633afcb_0.conda
  hash:
    md5: 209caa9e4ff0b9ed02dd09c3161917e5
    sha256: d0977efb1885c9f00ca76ee13e7c0f9a8936bf271eec25ffa78606cd816a13c9
  category: main
  optional: false
- name: icu
  version: '75.1'
  manager: conda
  platform: linux-64
  dependencies:
    __glibc: '>=2.17,<3.0.a0'
    libgcc-ng: '>=12'
    libstdcxx-ng: '>=12'
  url: https://conda.anaconda.org/conda-forge/linux-64/icu-75.1-he02047a_0.conda
  hash:
    md5: 8b189310083baabfb622af68fd9d3ae3
    sha256: 71e750d509f5fa3421087ba88ef9a7b9be11c53174af3aa4d06aff4c18b38e8e
  category: main
  optional: false
- name: keyutils
  version: 1.6.3
  manager: conda
  platform: linux-64
  dependencies:
    __glibc: '>=2.17,<3.0.a0'
    libgcc: '>=13'
  url: https://conda.anaconda.org/conda-forge/linux-64/keyutils-1.6.3-hb9d3cd8_0.conda
  hash:
    md5: b38117a3c920364aff79f870c984b4a3
    sha256: 0960d06048a7185d3542d850986d807c6e37ca2e644342dd0c72feefcf26c2a4
  category: main
  optional: false
- name: krb5
  version: 1.22.2
  manager: conda
  platform: linux-64
  dependencies:
    __glibc: '>=2.17,<3.0.a0'
    keyutils: '>=1.6.3,<2.0a0'
    libedit: '>=3.1.20250104,<4.0a0'
    libgcc: '>=14'
    libstdcxx: '>=14'
    openssl: '>=3.5.5,<4.0a0'
  url: https://conda.anaconda.org/conda-forge/linux-64/krb5-1.22.2-ha1258a1_0.conda
  hash:
    md5: fb53fb07ce46a575c5d004bbc96032c2
    sha256: 3e307628ca3527448dd1cb14ad7bb9d04d1d28c7d4c5f97ba196ae984571dd25
  category: main
  optional: false
- name: libblas
  version: 3.11.0
  manager: conda
  platform: linux-64
  dependencies:
    libopenblas: '>=0.3.32,<1.0a0'
  url: https://conda.anaconda.org/conda-forge/linux-64/libblas-3.11.0-6_h4a7cf45_openblas.conda
  hash:
    md5: 6d6d225559bfa6e2f3c90ee9c03d4e2e
    sha256: 7bfe936dbb5db04820cf300a9cc1f5ee8d5302fc896c2d66e30f1ee2f20fbfd6
  category: main
  optional: false
- name: libboost
  version: 1.85.0
  manager: conda
  platform: linux-64
  dependencies:
    __glibc: '>=2.17,<3.0.a0'
    bzip2: '>=1.0.8,<2.0a0'
    icu: '>=75.1,<76.0a0'
    libgcc-ng: '>=12'
    libstdcxx-ng: '>=12'
    libzlib: '>=1.3.1,<2.0a0'
    xz: '>=5.2.6,<6.0a0'
    zstd: '>=1.5.6,<1.6.0a0'
  url: https://conda.anaconda.org/conda-forge/linux-64/libboost-1.85.0-h0ccab89_4.conda
  hash:
    md5: 4da1690badd566fc1041f91cd5655727
    sha256: dc19dfc636c363871763384219269ce6a027fcf3831f17e018caeecb2ffbb20a
  category: main
  optional: false
- name: libboost-devel
  version: 1.85.0
  manager: conda
  platform: linux-64
  dependencies:
    libboost: 1.85.0
    libboost-headers: 1.85.0
  url: https://conda.anaconda.org/conda-forge/linux-64/libboost-devel-1.85.0-h00ab1b0_4.conda
  hash:
    md5: ded76b8670cb505006c891c4d45844a5
    sha256: 04ec5a59e87d75cf6f8b539493f7f71c0cca3f50976251895f51da45e39cddf7
  category: main
  optional: false
- name: libboost-headers
  version: 1.85.0
  manager: conda
  platform: linux-64
  dependencies: {}
  url: https://conda.anaconda.org/conda-forge/linux-64/libboost-headers-1.85.0-ha770c72_4.conda
  hash:
    md5: 00e4848983222729ccb7c69f1039f4b9
    sha256: 55aa2ac604bd7ed76fae0c93698d37aae455ca2fb229ff9aa45e085ff7ad48ec
  category: main
  optional: false
- name: libcblas
  version: 3.11.0
  manager: conda
  platform: linux-64
  dependencies:
    libblas: 3.11.0
  url: https://conda.anaconda.org/conda-forge/linux-64/libcblas-3.11.0-6_h0358290_openblas.conda
  hash:
    md5: 36ae340a916635b97ac8a0655ace2a35
    sha256: 57edafa7796f6fa3ebbd5367692dd4c7f552be42109c2dd1a7c89b55089bf374
  category: main
  optional: false
- name: libcurl
  version: 8.20.0
  manager: conda
  platform: linux-64
  dependencies:
    __glibc: '>=2.17,<3.0.a0'
    krb5: '>=1.22.2,<1.23.0a0'
    libgcc: '>=14'
    libnghttp2: '>=1.68.1,<2.0a0'
    libssh2: '>=1.11.1,<2.0a0'
    libzlib: '>=1.3.2,<2.0a0'
    openssl: '>=3.5.6,<4.0a0'
    zstd: '>=1.5.7,<1.6.0a0'
  url: https://conda.anaconda.org/conda-forge/linux-64/libcurl-8.20.0-hcf29cc6_0.conda
  hash:
    md5: c3cc2864f82a944bc90a7beb4d3b0e88
    sha256: 75963a5dd913311f59a35dbd307592f4fa754c4808aff9c33edb430c415e38eb
  category: main
  optional: false
- name: libdeflate
  version: '1.25'
  manager: conda
  platform: linux-64
  dependencies:
    __glibc: '>=2.17,<3.0.a0'
    libgcc: '>=14'
  url: https://conda.anaconda.org/conda-forge/linux-64/libdeflate-1.25-h17f619e_0.conda
  hash:
    md5: 6c77a605a7a689d17d4819c0f8ac9a00
    sha256: aa8e8c4be9a2e81610ddf574e05b64ee131fab5e0e3693210c9d6d2fba32c680
  category: main
  optional: false
- name: libedit
  version: 3.1.20250104
  manager: conda
  platform: linux-64
  dependencies:
    __glibc: '>=2.17,<3.0.a0'
    libgcc: '>=13'
    ncurses: '>=6.5,<7.0a0'
  url: https://conda.anaconda.org/conda-forge/linux-64/libedit-3.1.20250104-pl5321h7949ede_0.conda
  hash:
    md5: c277e0a4d549b03ac1e9d6cbbe3d017b
    sha256: d789471216e7aba3c184cd054ed61ce3f6dac6f87a50ec69291b9297f8c18724
  category: main
  optional: false
- name: libev
  version: '4.33'
  manager: conda
  platform: linux-64
  dependencies:
    libgcc-ng: '>=12'
  url: https://conda.anaconda.org/conda-forge/linux-64/libev-4.33-hd590300_2.conda
  hash:
    md5: 172bf1cd1ff8629f2b1179945ed45055
    sha256: 1cd6048169fa0395af74ed5d8f1716e22c19a81a8a36f934c110ca3ad4dd27b4
  category: main
  optional: false
- name: libgcc
  version: 15.2.0
  manager: conda
  platform: linux-64
  dependencies:
    __glibc: '>=2.17,<3.0.a0'
    _openmp_mutex: '>=4.5'
  url: https://conda.anaconda.org/conda-forge/linux-64/libgcc-15.2.0-he0feb66_18.conda
  hash:
    md5: 0aa00f03f9e39fb9876085dee11a85d4
    sha256: faf7d2017b4d718951e3a59d081eb09759152f93038479b768e3d612688f83f5
  category: main
  optional: false
- name: libgcc-ng
  version: 15.2.0
  manager: conda
  platform: linux-64
  dependencies:
    libgcc: 15.2.0
  url: https://conda.anaconda.org/conda-forge/linux-64/libgcc-ng-15.2.0-h69a702a_18.conda
  hash:
    md5: d5e96b1ed75ca01906b3d2469b4ce493
    sha256: e318a711400f536c81123e753d4c797a821021fb38970cebfb3f454126016893
  category: main
  optional: false
- name: libgfortran
  version: 15.2.0
  manager: conda
  platform: linux-64
  dependencies:
    libgfortran5: 15.2.0
  url: https://conda.anaconda.org/conda-forge/linux-64/libgfortran-15.2.0-h69a702a_18.conda
  hash:
    md5: 9063115da5bc35fdc3e1002e69b9ef6e
    sha256: d2c9fad338fd85e4487424865da8e74006ab2e2475bd788f624d7a39b2a72aee
  category: main
  optional: false
- name: libgfortran5
  version: 15.2.0
  manager: conda
  platform: linux-64
  dependencies:
    __glibc: '>=2.17,<3.0.a0'
    libgcc: '>=15.2.0'
  url: https://conda.anaconda.org/conda-forge/linux-64/libgfortran5-15.2.0-h68bc16d_18.conda
  hash:
    md5: 646855f357199a12f02a87382d429b75
    sha256: 539b57cf50ec85509a94ba9949b7e30717839e4d694bc94f30d41c9d34de2d12
  category: main
  optional: false
- name: libgomp
  version: 15.2.0
  manager: conda
  platform: linux-64
  dependencies:
    __glibc: '>=2.17,<3.0.a0'
  url: https://conda.anaconda.org/conda-forge/linux-64/libgomp-15.2.0-he0feb66_18.conda
  hash:
    md5: 239c5e9546c38a1e884d69effcf4c882
    sha256: 21337ab58e5e0649d869ab168d4e609b033509de22521de1bfed0c031bfc5110
  category: main
  optional: false
- name: liblzma
  version: 5.8.3
  manager: conda
  platform: linux-64
  dependencies:
    __glibc: '>=2.17,<3.0.a0'
    libgcc: '>=14'
  url: https://conda.anaconda.org/conda-forge/linux-64/liblzma-5.8.3-hb03c661_0.conda
  hash:
    md5: b88d90cad08e6bc8ad540cb310a761fb
    sha256: ec30e52a3c1bf7d0425380a189d209a52baa03f22fb66dd3eb587acaa765bd6d
  category: main
  optional: false
- name: liblzma-devel
  version: 5.8.3
  manager: conda
  platform: linux-64
  dependencies:
    __glibc: '>=2.17,<3.0.a0'
    libgcc: '>=14'
    liblzma: 5.8.3
  url: https://conda.anaconda.org/conda-forge/linux-64/liblzma-devel-5.8.3-hb03c661_0.conda
  hash:
    md5: 55c20edec8e90c4703787acaade60808
    sha256: 7858f6a173206bc8a5bdc8e75690483bb66c0dcc3809ac1cb43c561a4723623a
  category: main
  optional: false
- name: libnghttp2
  version: 1.68.1
  manager: conda
  platform: linux-64
  dependencies:
    __glibc: '>=2.17,<3.0.a0'
    c-ares: '>=1.34.6,<2.0a0'
    libev: '>=4.33,<5.0a0'
    libgcc: '>=14'
    libstdcxx: '>=14'
    libzlib: '>=1.3.1,<2.0a0'
    openssl: '>=3.5.5,<4.0a0'
  url: https://conda.anaconda.org/conda-forge/linux-64/libnghttp2-1.68.1-h877daf1_0.conda
  hash:
    md5: 2a45e7f8af083626f009645a6481f12d
    sha256: 663444d77a42f2265f54fb8b48c5450bfff4388d9c0f8253dd7855f0d993153f
  category: main
  optional: false
- name: libopenblas
  version: 0.3.32
  manager: conda
  platform: linux-64
  dependencies:
    __glibc: '>=2.17,<3.0.a0'
    libgcc: '>=14'
    libgfortran: ''
    libgfortran5: '>=14.3.0'
  url: https://conda.anaconda.org/conda-forge/linux-64/libopenblas-0.3.32-pthreads_h94d23a6_0.conda
  hash:
    md5: 89d61bc91d3f39fda0ca10fcd3c68594
    sha256: 6dc30b28f32737a1c52dada10c8f3a41bc9e021854215efca04a7f00487d09d9
  category: main
  optional: false
- name: libssh2
  version: 1.11.1
  manager: conda
  platform: linux-64
  dependencies:
    __glibc: '>=2.17,<3.0.a0'
    libgcc: '>=13'
    libzlib: '>=1.3.1,<2.0a0'
    openssl: '>=3.5.0,<4.0a0'
  url: https://conda.anaconda.org/conda-forge/linux-64/libssh2-1.11.1-hcf80075_0.conda
  hash:
    md5: eecce068c7e4eddeb169591baac20ac4
    sha256: fa39bfd69228a13e553bd24601332b7cfeb30ca11a3ca50bb028108fe90a7661
  category: main
  optional: false
- name: libstdcxx
  version: 15.2.0
  manager: conda
  platform: linux-64
  dependencies:
    __glibc: '>=2.17,<3.0.a0'
    libgcc: 15.2.0
  url: https://conda.anaconda.org/conda-forge/linux-64/libstdcxx-15.2.0-h934c35e_18.conda
  hash:
    md5: 1b08cd684f34175e4514474793d44bcb
    sha256: 78668020064fdaa27e9ab65cd2997e2c837b564ab26ce3bf0e58a2ce1a525c6e
  category: main
  optional: false
- name: libstdcxx-ng
  version: 15.2.0
  manager: conda
  platform: linux-64
  dependencies:
    libstdcxx: 15.2.0
  url: https://conda.anaconda.org/conda-forge/linux-64/libstdcxx-ng-15.2.0-hdf11a46_18.conda
  hash:
    md5: 6235adb93d064ecdf3d44faee6f468de
    sha256: 3c902ffd673cb3c6ddde624cdb80f870b6c835f8bf28384b0016e7d444dd0145
  category: main
  optional: false
- name: libxcrypt
  version: 4.4.36
  manager: conda
  platform: linux-64
  dependencies:
    libgcc-ng: '>=12'
  url: https://conda.anaconda.org/conda-forge/linux-64/libxcrypt-4.4.36-hd590300_1.conda
  hash:
    md5: 5aa797f8787fe7a17d1b0821485b5adc
    sha256: 6ae68e0b86423ef188196fff6207ed0c8195dd84273cb5623b85aa08033a410c
  category: main
  optional: false
- name: libzlib
  version: 1.3.2
  manager: conda
  platform: linux-64
  dependencies:
    __glibc: '>=2.17,<3.0.a0'
  url: https://conda.anaconda.org/conda-forge/linux-64/libzlib-1.3.2-h25fd6f3_2.conda
  hash:
    md5: d87ff7921124eccd67248aa483c23fec
    sha256: 55044c403570f0dc26e6364de4dc5368e5f3fc7ff103e867c487e2b5ab2bcda9
  category: main
  optional: false
- name: ncurses
  version: '6.6'
  manager: conda
  platform: linux-64
  dependencies:
    __glibc: '>=2.17,<3.0.a0'
    libgcc: '>=14'
  url: https://conda.anaconda.org/conda-forge/linux-64/ncurses-6.6-hdb14827_0.conda
  hash:
    md5: fc21868a1a5aacc937e7a18747acb8a5
    sha256: fc89f74bbe362fb29fa3c037697a89bec140b346a2469a90f7936d1d7ea4d8a3
  category: main
  optional: false
- name: openssl
  version: 3.6.2
  manager: conda
  platform: linux-64
  dependencies:
    __glibc: '>=2.17,<3.0.a0'
    ca-certificates: ''
    libgcc: '>=14'
  url: https://conda.anaconda.org/conda-forge/linux-64/openssl-3.6.2-h35e630c_0.conda
  hash:
    md5: da1b85b6a87e141f5140bb9924cecab0
    sha256: c0ef482280e38c71a08ad6d71448194b719630345b0c9c60744a2010e8a8e0cb
  category: main
  optional: false
- name: perl
  version: 5.32.1
  manager: conda
  platform: linux-64
  dependencies:
    libgcc-ng: '>=12'
    libxcrypt: '>=4.4.36'
  url: https://conda.anaconda.org/conda-forge/linux-64/perl-5.32.1-7_hd590300_perl5.conda
  hash:
    md5: f2cfec9406850991f4e3d960cc9e3321
    sha256: 9ec32b6936b0e37bcb0ed34f22ec3116e75b3c0964f9f50ecea5f58734ed6ce9
  category: main
  optional: false
- name: tabix
  version: '1.11'
  manager: conda
  platform: linux-64
  dependencies:
    htslib: '>=1.9'
  url: https://conda.anaconda.org/bioconda/noarch/tabix-1.11-hdfd78af_0.tar.bz2
  hash:
    md5: cb68d74b5a5ca94b745ce168b1043dfd
    sha256: 9cc71617773a5d12e696d707b8bfa8934984b59e75913a32b65ea3c2121669a7
  category: main
  optional: false
- name: xz
  version: 5.8.3
  manager: conda
  platform: linux-64
  dependencies:
    __glibc: '>=2.17,<3.0.a0'
    libgcc: '>=14'
    liblzma: 5.8.3
    liblzma-devel: 5.8.3
    xz-gpl-tools: 5.8.3
    xz-tools: 5.8.3
  url: https://conda.anaconda.org/conda-forge/linux-64/xz-5.8.3-ha02ee65_0.conda
  hash:
    md5: 6a1b6af49a334e4e06b9f103367762bf
    sha256: 2553fd3ec0a1020b2ca05ca10b0036a596cb0d4bf3645922fcf69dacce0e6679
  category: main
  optional: false
- name: xz-gpl-tools
  version: 5.8.3
  manager: conda
  platform: linux-64
  dependencies:
    __glibc: '>=2.17,<3.0.a0'
    libgcc: '>=14'
    liblzma: 5.8.3
  url: https://conda.anaconda.org/conda-forge/linux-64/xz-gpl-tools-5.8.3-ha02ee65_0.conda
  hash:
    md5: 8f5e2c6726c1339287a3c76a2c138ac7
    sha256: 8f139666ea18dc8340a44a54056627dd4e89e242e8cd136ab2467d6dc2c192ba
  category: main
  optional: false
- name: xz-tools
  version: 5.8.3
  manager: conda
  platform: linux-64
  dependencies:
    __glibc: '>=2.17,<3.0.a0'
    libgcc: '>=14'
    liblzma: 5.8.3
  url: https://conda.anaconda.org/conda-forge/linux-64/xz-tools-5.8.3-hb03c661_0.conda
  hash:
    md5: b62b615caa60812640f24db3a8d0fc87
    sha256: 162ebd76803464b8c8ebc7d45df32edf0ec717b3bf369a437ae3b0254f22dc2e
  category: main
  optional: false
- name: zstd
  version: 1.5.7
  manager: conda
  platform: linux-64
  dependencies:
    __glibc: '>=2.17,<3.0.a0'
    libzlib: '>=1.3.1,<2.0a0'
  url: https://conda.anaconda.org/conda-forge/linux-64/zstd-1.5.7-hb78ec9c_6.conda
  hash:
    md5: 4a13eeac0b5c8e5b8ab496e6c4ddd829
    sha256: 68f0206ca6e98fea941e5717cec780ed2873ffabc0e1ed34428c061e2c6268c7
  category: main
  optional: false
