# This lock file was generated by conda-lock (https://github.com/conda/conda-lock). DO NOT EDIT!
#
# A "lock file" contains a concrete list of package versions (with checksums) to be installed. Unlike
# e.g. `conda env create`, the resulting environment will not change as new package versions become
# available, unless you explicitly update the lock file.
#
# Install this environment as "YOURENV" with:
#     conda-lock install -n YOURENV spliceai_lock.yml
# To update a single package to the latest version compatible with the version constraints in the source:
#     conda-lock lock  --lockfile spliceai_lock.yml --update PACKAGE
# To re-solve the entire environment, e.g. after changing a version constraint in the source file:
#     conda-lock -f envs_yml/environment-spliceai.yml --lockfile spliceai_lock.yml
version: 1
metadata:
  content_hash:
    linux-64: 1b0d596341fe817bee388e490fe6e3e5c3141dccede01ed12a5c994800946e17
  channels:
  - url: conda-forge
    used_env_vars: []
  - url: bioconda
    used_env_vars: []
  platforms:
  - linux-64
  sources:
  - envs_yml/environment-spliceai.yml
package:
- name: _openmp_mutex
  version: '4.5'
  manager: conda
  platform: linux-64
  dependencies:
    __glibc: '>=2.17,<3.0.a0'
    libgomp: '>=7.5.0'
  url: https://conda.anaconda.org/conda-forge/linux-64/_openmp_mutex-4.5-20_gnu.conda
  hash:
    md5: a9f577daf3de00bca7c3c76c0ecbd1de
    sha256: 1dd3fffd892081df9726d7eb7e0dea6198962ba775bd88842135a4ddb4deb3c9
  category: main
  optional: false
- name: absl-py
  version: 2.1.0
  manager: conda
  platform: linux-64
  dependencies:
    python: '>=3.7'
  url: https://conda.anaconda.org/conda-forge/noarch/absl-py-2.1.0-pyhd8ed1ab_0.conda
  hash:
    md5: 035d1d58677c13ec93122d9eb6b8803b
    sha256: 6c84575fe0c3a860c7b6a52cb36dc548c838503c8da0f950a63a64c29b443937
  category: main
  optional: false
- name: astor
  version: 0.8.1
  manager: conda
  platform: linux-64
  dependencies:
    python: ''
  url: https://conda.anaconda.org/conda-forge/noarch/astor-0.8.1-pyh9f0ad1d_0.tar.bz2
  hash:
    md5: 6ae770689be59dc391ef974d2e849b56
    sha256: cb4ae0e3055907983f21a24dc2ac47d5a77d7c1dd98b1e21fed06956437e52c7
  category: main
  optional: false
- name: binutils_impl_linux-64
  version: 2.45.1
  manager: conda
  platform: linux-64
  dependencies:
    ld_impl_linux-64: 2.45.1
    sysroot_linux-64: ''
  url: https://conda.anaconda.org/conda-forge/linux-64/binutils_impl_linux-64-2.45.1-bootstrap_h59bd682_2.conda
  hash:
    md5: 89572c6f5e6c24375ffd022c5d790628
    sha256: a439e3c858547c9ee5b3b53a93e1aa4ddbbf7e918f51e2b0747e1f1f83a799c3
  category: main
  optional: false
- name: binutils_linux-64
  version: 2.45.1
  manager: conda
  platform: linux-64
  dependencies:
    binutils_impl_linux-64: 2.45.1
  url: https://conda.anaconda.org/conda-forge/linux-64/binutils_linux-64-2.45.1-bootstrap_h4852527_2.conda
  hash:
    md5: 47158a6b2419668994f19e908bab010d
    sha256: 34f7596a3fbfb7613a4b01cae626b30a9a76aa00112d54f097771262cf3b8820
  category: main
  optional: false
- name: biopython
  version: '1.79'
  manager: conda
  platform: linux-64
  dependencies:
    libgcc-ng: '>=12'
    numpy: ''
    python: '>=3.7,<3.8.0a0'
    python_abi: 3.7.*
  url: https://conda.anaconda.org/conda-forge/linux-64/biopython-1.79-py37h540881e_2.tar.bz2
  hash:
    md5: 646cd669595bf68029a667e2d52430b3
    sha256: 3d155f7fd617889cf1e324a62658c42d20d5524024c08a0ef8c9bc9be1ced06b
  category: main
  optional: false
- name: bzip2
  version: 1.0.8
  manager: conda
  platform: linux-64
  dependencies:
    __glibc: '>=2.17,<3.0.a0'
    libgcc: '>=14'
  url: https://conda.anaconda.org/conda-forge/linux-64/bzip2-1.0.8-hda65f42_9.conda
  hash:
    md5: d2ffd7602c02f2b316fd921d39876885
    sha256: 0b75d45f0bba3e95dc693336fa51f40ea28c980131fec438afb7ce6118ed05f6
  category: main
  optional: false
- name: c-ares
  version: 1.34.6
  manager: conda
  platform: linux-64
  dependencies:
    __glibc: '>=2.17,<3.0.a0'
    libgcc: '>=14'
  url: https://conda.anaconda.org/conda-forge/linux-64/c-ares-1.34.6-hb03c661_0.conda
  hash:
    md5: 920bb03579f15389b9e512095ad995b7
    sha256: cc9accf72fa028d31c2a038460787751127317dcfa991f8d1f1babf216bb454e
  category: main
  optional: false
- name: ca-certificates
  version: 2026.4.22
  manager: conda
  platform: linux-64
  dependencies:
    __unix: ''
  url: https://conda.anaconda.org/conda-forge/noarch/ca-certificates-2026.4.22-hbd8a1cb_0.conda
  hash:
    md5: e18ad67cf881dcadee8b8d9e2f8e5f73
    sha256: c9dbcc8039a52023660d6d1bbf87594a93dd69c6ac5a2a44323af2c92976728d
  category: main
  optional: false
- name: curl
  version: 8.8.0
  manager: conda
  platform: linux-64
  dependencies:
    krb5: '>=1.21.3,<1.22.0a0'
    libcurl: 8.8.0
    libgcc-ng: '>=12'
    libssh2: '>=1.11.0,<2.0a0'
    libzlib: '>=1.2.13,<2.0a0'
    openssl: '>=3.3.1,<4.0a0'
    zstd: '>=1.5.6,<1.6.0a0'
  url: https://conda.anaconda.org/conda-forge/linux-64/curl-8.8.0-he654da7_1.conda
  hash:
    md5: 78678b2ddfd9bd7c7861b8d2e3b7473b
    sha256: a7bb4f8d1cba26c238cd0469b7bdcdc032cf06b0ac0de09992638744eaab9954
  category: main
  optional: false
- name: gast
  version: 0.5.5
  manager: conda
  platform: linux-64
  dependencies:
    python: '>=3.4'
  url: https://conda.anaconda.org/conda-forge/noarch/gast-0.5.5-pyhd8ed1ab_0.conda
  hash:
    md5: ebc1dc871c48673a0a922023a2e1eee2
    sha256: b0527039bb19aeb5636ecb1512378e4109b945bc99f409977bda3022485c526f
  category: main
  optional: false
- name: gcc_impl_linux-64
  version: 15.2.0
  manager: conda
  platform: linux-64
  dependencies:
    binutils_impl_linux-64: '>=2.45'
    libgcc: '>=15.2.0'
    libgcc-devel_linux-64: 15.2.0
    libgomp: '>=15.2.0'
    libsanitizer: 15.2.0
    libstdcxx: '>=15.2.0'
    libstdcxx-devel_linux-64: 15.2.0
    sysroot_linux-64: ''
  url: https://conda.anaconda.org/conda-forge/linux-64/gcc_impl_linux-64-15.2.0-he420e7e_18.conda
  hash:
    md5: cf56b6d74f580b91fd527e10d9a2e324
    sha256: a088cfd3ae6fa83815faa8703bc9d21cc915f17bd1b51aac9c16ddf678da21e4
  category: main
  optional: false
- name: gcc_linux-64
  version: 15.2.0
  manager: conda
  platform: linux-64
  dependencies:
    binutils_linux-64: ''
    gcc_impl_linux-64: 15.2.0.*
    sysroot_linux-64: ''
  url: https://conda.anaconda.org/conda-forge/linux-64/gcc_linux-64-15.2.0-h7be306e_24.conda
  hash:
    md5: 81f96ca8673107e2da4a6b9e3807cf74
    sha256: 7e1a77123819f9e6c15439df9a987c66235c53e4c6d12a9ab3cea883258214df
  category: main
  optional: false
- name: google-pasta
  version: 0.2.0
  manager: conda
  platform: linux-64
  dependencies:
    python: '>=3.7'
    six: ''
  url: https://conda.anaconda.org/conda-forge/noarch/google-pasta-0.2.0-pyhd8ed1ab_1.conda
  hash:
    md5: 5257b8fdee0c88e6bd3a10d38bc3892a
    sha256: 264b830bfa9cfe41a4bfbc18a7bba2cebc9b2f6ee711b873e49133c6e4a304e8
  category: main
  optional: false
- name: grpcio
  version: 1.46.3
  manager: conda
  platform: linux-64
  dependencies:
    c-ares: '>=1.18.1,<2.0a0'
    libgcc-ng: '>=12'
    libstdcxx-ng: '>=12'
    libzlib: '>=1.2.11,<2.0.0a0'
    openssl: '>=3.0.3,<4.0a0'
    python: '>=3.7,<3.8.0a0'
    python_abi: 3.7.*
    setuptools: ''
    six: '>=1.6.0'
    zlib: '>=1.2.11,<1.3.0a0'
  url: https://conda.anaconda.org/conda-forge/linux-64/grpcio-1.46.3-py37h0327239_0.tar.bz2
  hash:
    md5: 50667b6ad0b230b8694776104da3896d
    sha256: 1ae5f8f4f80c5a410ea4f888cee48dbef2896362646e3e49f083e6c2db0dd39c
  category: main
  optional: false
- name: gxx_impl_linux-64
  version: 15.2.0
  manager: conda
  platform: linux-64
  dependencies:
    gcc_impl_linux-64: 15.2.0
    libstdcxx-devel_linux-64: 15.2.0
    sysroot_linux-64: ''
    tzdata: ''
  url: https://conda.anaconda.org/conda-forge/linux-64/gxx_impl_linux-64-15.2.0-hda75c37_18.conda
  hash:
    md5: e39123ab71f2e4cf989aa6aa5fafdaaf
    sha256: 48946f1f43d699b68123fb39329ef5acf3d9cbf8f96bdb8fb14b6197f5402825
  category: main
  optional: false
- name: gxx_linux-64
  version: 15.2.0
  manager: conda
  platform: linux-64
  dependencies:
    binutils_linux-64: ''
    gcc_linux-64: ==15.2.0
    gxx_impl_linux-64: 15.2.0.*
    sysroot_linux-64: ''
  url: https://conda.anaconda.org/conda-forge/linux-64/gxx_linux-64-15.2.0-he30e93d_24.conda
  hash:
    md5: 0787df5104bd63d2186dd3902244e7c3
    sha256: 9b40af502e2471ceff9a04a860165d8a6fac659c07dc115ed8357e1a77e2cbe7
  category: main
  optional: false
- name: h5py
  version: 2.10.0
  manager: conda
  platform: linux-64
  dependencies:
    hdf5: '>=1.10.6,<1.10.7.0a0'
    libgcc-ng: '>=9.3.0'
    numpy: '>=1.17.5,<2.0a0'
    python: '>=3.7,<3.8.0a0'
    python_abi: 3.7.*
    six: ''
  url: https://conda.anaconda.org/conda-forge/linux-64/h5py-2.10.0-nompi_py37ha3df211_106.tar.bz2
  hash:
    md5: df5f86a6e54ea8ddc37abf939245dd7a
    sha256: 8ca8794cc9a644d9a11247ad29bfa20c07f82639019b06da97595ee9d41d9572
  category: main
  optional: false
- name: hdf5
  version: 1.10.6
  manager: conda
  platform: linux-64
  dependencies:
    libgcc-ng: '>=7.5.0'
    libgfortran-ng: '>=7,<8.0a0'
    libstdcxx-ng: '>=7.5.0'
    zlib: '>=1.2.11,<1.3.0a0'
  url: https://conda.anaconda.org/conda-forge/linux-64/hdf5-1.10.6-nompi_h3c11f04_101.tar.bz2
  hash:
    md5: 9f1ccc4d36edf8ea15ce19f52cf6d601
    sha256: d04780799520ff34b89c71c4b3a7283e3af48503a89b8b3b846914ef0a98f695
  category: main
  optional: false
- name: htslib
  version: '1.21'
  manager: conda
  platform: linux-64
  dependencies:
    bzip2: '>=1.0.8,<2.0a0'
    libcurl: '>=8.8.0,<9.0a0'
    libdeflate: '>=1.20,<1.26.0a0'
    libgcc: '>=12'
    libzlib: '>=1.2.13,<2.0a0'
    openssl: '>=3.3.2,<4.0a0'
    xz: '>=5.2.6,<6.0a0'
  url: https://conda.anaconda.org/bioconda/linux-64/htslib-1.21-h5efdd21_0.tar.bz2
  hash:
    md5: 06b995dc2244c024b45bbb3e53ae2f27
    sha256: ef5a53fae052a14cbccc50dc2290c80791db3d8a8c5a01435c7aa12f8a53740c
  category: main
  optional: false
- name: importlib-metadata
  version: 4.11.4
  manager: conda
  platform: linux-64
  dependencies:
    python: '>=3.7,<3.8.0a0'
    python_abi: 3.7.*
    typing_extensions: '>=3.6.4'
    zipp: '>=0.5'
  url: https://conda.anaconda.org/conda-forge/linux-64/importlib-metadata-4.11.4-py37h89c1867_0.tar.bz2
  hash:
    md5: 71107630527e4bd82932952351231efe
    sha256: f47fc54c788133fdc9e05d3393e4c3b1f322195929ebc02b00024dcef67646a6
  category: main
  optional: false
- name: keras
  version: 2.3.1
  manager: conda
  platform: linux-64
  dependencies:
    h5py: ''
    keras-applications: '>=1.0.8'
    keras-preprocessing: '>=1.1.0'
    numpy: '>=1.9.1'
    python: '>=3.7,<3.8.0a0'
    pyyaml: ''
    scipy: '>=0.14'
    six: '>=1.9.0'
    tensorflow: ''
    theano: ''
  url: https://conda.anaconda.org/conda-forge/linux-64/keras-2.3.1-py37_0.tar.bz2
  hash:
    md5: 73b6c6b4ca5660330dc41bb06ee873df
    sha256: 7d9334534bd740849178126cf03afc17d93775ef69a3b7c77caf37e777f683ff
  category: main
  optional: false
- name: keras-applications
  version: 1.0.8
  manager: conda
  platform: linux-64
  dependencies:
    h5py: ''
    numpy: '>=1.9.1'
    python: ''
  url: https://conda.anaconda.org/conda-forge/noarch/keras-applications-1.0.8-py_1.tar.bz2
  hash:
    md5: 85e7a1c5ce2b33ecc23a970835d43faf
    sha256: 0759b693be69768c1ffda5536d44396854302718ceac5c80de0bc276ea0d1975
  category: main
  optional: false
- name: keras-preprocessing
  version: 1.1.2
  manager: conda
  platform: linux-64
  dependencies:
    numpy: '>=1.9.1'
    python: '>=3.6'
    scipy: '>=0.14'
    six: '>=1.9.0'
  url: https://conda.anaconda.org/conda-forge/noarch/keras-preprocessing-1.1.2-pyhd8ed1ab_0.tar.bz2
  hash:
    md5: a79b00989a0d89791021902f37fe2f9e
    sha256: 1d9d0ca9c5fbc0baf8a9deac50a6478988eaf499bf9c6399a84c8f6225d39f87
  category: main
  optional: false
- name: kernel-headers_linux-64
  version: 4.18.0
  manager: conda
  platform: linux-64
  dependencies: {}
  url: https://conda.anaconda.org/conda-forge/noarch/kernel-headers_linux-64-4.18.0-he073ed8_9.conda
  hash:
    md5: 86d9cba083cd041bfbf242a01a7a1999
    sha256: 41557eeadf641de6aeae49486cef30d02a6912d8da98585d687894afd65b356a
  category: main
  optional: false
- name: keyutils
  version: 1.6.3
  manager: conda
  platform: linux-64
  dependencies:
    __glibc: '>=2.17,<3.0.a0'
    libgcc: '>=13'
  url: https://conda.anaconda.org/conda-forge/linux-64/keyutils-1.6.3-hb9d3cd8_0.conda
  hash:
    md5: b38117a3c920364aff79f870c984b4a3
    sha256: 0960d06048a7185d3542d850986d807c6e37ca2e644342dd0c72feefcf26c2a4
  category: main
  optional: false
- name: krb5
  version: 1.21.3
  manager: conda
  platform: linux-64
  dependencies:
    keyutils: '>=1.6.1,<2.0a0'
    libedit: '>=3.1.20191231,<4.0a0'
    libgcc-ng: '>=12'
    libstdcxx-ng: '>=12'
    openssl: '>=3.3.1,<4.0a0'
  url: https://conda.anaconda.org/conda-forge/linux-64/krb5-1.21.3-h659f571_0.conda
  hash:
    md5: 3f43953b7d3fb3aaa1d0d0723d91e368
    sha256: 99df692f7a8a5c27cd14b5fb1374ee55e756631b9c3d659ed3ee60830249b238
  category: main
  optional: false
- name: ld_impl_linux-64
  version: 2.45.1
  manager: conda
  platform: linux-64
  dependencies:
    __glibc: '>=2.17,<3.0.a0'
  url: https://conda.anaconda.org/conda-forge/linux-64/ld_impl_linux-64-2.45.1-bootstrap_ha15bf96_2.conda
  hash:
    md5: bafc61899c34054d1f5e7cd85a2f81e9
    sha256: ffc8fb61b32f421687a35b1b6bdd7e73278da0ea1a0d616b624eb3760ed21742
  category: main
  optional: false
- name: libblas
  version: 3.9.0
  manager: conda
  platform: linux-64
  dependencies:
    libopenblas: '>=0.3.25,<1.0a0'
  url: https://conda.anaconda.org/conda-forge/linux-64/libblas-3.9.0-20_linux64_openblas.conda
  hash:
    md5: 2b7bb4f7562c8cf334fc2e20c2d28abc
    sha256: 8a0ee1de693a9b3da4a11b95ec81b40dd434bd01fa1f5f38f8268cd2146bf8f0
  category: main
  optional: false
- name: libcblas
  version: 3.9.0
  manager: conda
  platform: linux-64
  dependencies:
    libblas: 3.9.0
  url: https://conda.anaconda.org/conda-forge/linux-64/libcblas-3.9.0-20_linux64_openblas.conda
  hash:
    md5: 36d486d72ab64ffea932329a1d3729a3
    sha256: 0e34fb0f82262f02fcb279ab4a1db8d50875dc98e3019452f8f387e6bf3c0247
  category: main
  optional: false
- name: libcurl
  version: 8.8.0
  manager: conda
  platform: linux-64
  dependencies:
    krb5: '>=1.21.3,<1.22.0a0'
    libgcc-ng: '>=12'
    libnghttp2: '>=1.58.0,<2.0a0'
    libssh2: '>=1.11.0,<2.0a0'
    libzlib: '>=1.2.13,<2.0a0'
    openssl: '>=3.3.1,<4.0a0'
    zstd: '>=1.5.6,<1.6.0a0'
  url: https://conda.anaconda.org/conda-forge/linux-64/libcurl-8.8.0-hca28451_1.conda
  hash:
    md5: b8afb3e3cb3423cc445cf611ab95fdb0
    sha256: 6b5b64cdcdb643368ebe236de07eedee99b025bb95129bbe317c46e5bdc693f3
  category: main
  optional: false
- name: libdeflate
  version: '1.25'
  manager: conda
  platform: linux-64
  dependencies:
    __glibc: '>=2.17,<3.0.a0'
    libgcc: '>=14'
  url: https://conda.anaconda.org/conda-forge/linux-64/libdeflate-1.25-h17f619e_0.conda
  hash:
    md5: 6c77a605a7a689d17d4819c0f8ac9a00
    sha256: aa8e8c4be9a2e81610ddf574e05b64ee131fab5e0e3693210c9d6d2fba32c680
  category: main
  optional: false
- name: libedit
  version: 3.1.20250104
  manager: conda
  platform: linux-64
  dependencies:
    __glibc: '>=2.17,<3.0.a0'
    libgcc: '>=13'
    ncurses: '>=6.5,<7.0a0'
  url: https://conda.anaconda.org/conda-forge/linux-64/libedit-3.1.20250104-pl5321h7949ede_0.conda
  hash:
    md5: c277e0a4d549b03ac1e9d6cbbe3d017b
    sha256: d789471216e7aba3c184cd054ed61ce3f6dac6f87a50ec69291b9297f8c18724
  category: main
  optional: false
- name: libev
  version: '4.33'
  manager: conda
  platform: linux-64
  dependencies:
    libgcc-ng: '>=12'
  url: https://conda.anaconda.org/conda-forge/linux-64/libev-4.33-hd590300_2.conda
  hash:
    md5: 172bf1cd1ff8629f2b1179945ed45055
    sha256: 1cd6048169fa0395af74ed5d8f1716e22c19a81a8a36f934c110ca3ad4dd27b4
  category: main
  optional: false
- name: libffi
  version: 3.4.6
  manager: conda
  platform: linux-64
  dependencies:
    __glibc: '>=2.17,<3.0.a0'
    libgcc: '>=13'
  url: https://conda.anaconda.org/conda-forge/linux-64/libffi-3.4.6-h2dba641_1.conda
  hash:
    md5: ede4673863426c0883c0063d853bbd85
    sha256: 764432d32db45466e87f10621db5b74363a9f847d2b8b1f9743746cd160f06ab
  category: main
  optional: false
- name: libgcc
  version: 15.2.0
  manager: conda
  platform: linux-64
  dependencies:
    __glibc: '>=2.17,<3.0.a0'
    _openmp_mutex: '>=4.5'
  url: https://conda.anaconda.org/conda-forge/linux-64/libgcc-15.2.0-he0feb66_18.conda
  hash:
    md5: 0aa00f03f9e39fb9876085dee11a85d4
    sha256: faf7d2017b4d718951e3a59d081eb09759152f93038479b768e3d612688f83f5
  category: main
  optional: false
- name: libgcc-devel_linux-64
  version: 15.2.0
  manager: conda
  platform: linux-64
  dependencies:
    __unix: ''
  url: https://conda.anaconda.org/conda-forge/noarch/libgcc-devel_linux-64-15.2.0-hcc6f6b0_118.conda
  hash:
    md5: 5d3a96d55f1be45fef88ee23155effd9
    sha256: af69fc5852908d26e5b630b270982ac792506551dd6af1614bf0370dd5ab5746
  category: main
  optional: false
- name: libgcc-ng
  version: 15.2.0
  manager: conda
  platform: linux-64
  dependencies:
    libgcc: 15.2.0
  url: https://conda.anaconda.org/conda-forge/linux-64/libgcc-ng-15.2.0-h69a702a_18.conda
  hash:
    md5: d5e96b1ed75ca01906b3d2469b4ce493
    sha256: e318a711400f536c81123e753d4c797a821021fb38970cebfb3f454126016893
  category: main
  optional: false
- name: libgfortran-ng
  version: 7.5.0
  manager: conda
  platform: linux-64
  dependencies:
    libgfortran4: 7.5.0.*
  url: https://conda.anaconda.org/conda-forge/linux-64/libgfortran-ng-7.5.0-h14aa051_20.tar.bz2
  hash:
    md5: c3b2ad091c043c08689e64b10741484b
    sha256: 7347a7a57f992d3d4fdb1bf98582ec0963d45b16d9dfb3efe2045ff2cb157527
  category: main
  optional: false
- name: libgfortran4
  version: 7.5.0
  manager: conda
  platform: linux-64
  dependencies: {}
  url: https://conda.anaconda.org/conda-forge/linux-64/libgfortran4-7.5.0-h14aa051_20.tar.bz2
  hash:
    md5: a072eab836c3a9578ce72b5640ce592d
    sha256: a8f3ae8e6c9fbe52f7403bfb2e00bf0c5169ab0702a4a5f3ad88494867e03427
  category: main
  optional: false
- name: libgfortran5
  version: 15.2.0
  manager: conda
  platform: linux-64
  dependencies:
    __glibc: '>=2.17,<3.0.a0'
    libgcc: '>=15.2.0'
  url: https://conda.anaconda.org/conda-forge/linux-64/libgfortran5-15.2.0-h68bc16d_18.conda
  hash:
    md5: 646855f357199a12f02a87382d429b75
    sha256: 539b57cf50ec85509a94ba9949b7e30717839e4d694bc94f30d41c9d34de2d12
  category: main
  optional: false
- name: libgomp
  version: 15.2.0
  manager: conda
  platform: linux-64
  dependencies:
    __glibc: '>=2.17,<3.0.a0'
  url: https://conda.anaconda.org/conda-forge/linux-64/libgomp-15.2.0-he0feb66_18.conda
  hash:
    md5: 239c5e9546c38a1e884d69effcf4c882
    sha256: 21337ab58e5e0649d869ab168d4e609b033509de22521de1bfed0c031bfc5110
  category: main
  optional: false
- name: libgpuarray
  version: 0.7.6
  manager: conda
  platform: linux-64
  dependencies:
    libgcc-ng: '>=9.3.0'
  url: https://conda.anaconda.org/conda-forge/linux-64/libgpuarray-0.7.6-h7f98852_1003.tar.bz2
  hash:
    md5: d0bb3d58f6bc971ec707c980e5ce26f0
    sha256: ff5204660a8e26e59c3d29bb3a4a98d8e86e633023fafe692abb8738a45948d0
  category: main
  optional: false
- name: liblapack
  version: 3.9.0
  manager: conda
  platform: linux-64
  dependencies:
    libblas: 3.9.0
  url: https://conda.anaconda.org/conda-forge/linux-64/liblapack-3.9.0-20_linux64_openblas.conda
  hash:
    md5: 6fabc51f5e647d09cc010c40061557e0
    sha256: ad7745b8d0f2ccb9c3ba7aaa7167d62fc9f02e45eb67172ae5f0dfb5a3b1a2cc
  category: main
  optional: false
- name: libnghttp2
  version: 1.58.0
  manager: conda
  platform: linux-64
  dependencies:
    c-ares: '>=1.23.0,<2.0a0'
    libev: '>=4.33,<5.0a0'
    libgcc-ng: '>=12'
    libstdcxx-ng: '>=12'
    libzlib: '>=1.2.13,<2.0.0a0'
    openssl: '>=3.2.0,<4.0a0'
  url: https://conda.anaconda.org/conda-forge/linux-64/libnghttp2-1.58.0-h47da74e_1.conda
  hash:
    md5: 700ac6ea6d53d5510591c4344d5c989a
    sha256: 1910c5306c6aa5bcbd623c3c930c440e9c77a5a019008e1487810e3c1d3716cb
  category: main
  optional: false
- name: libnsl
  version: 2.0.1
  manager: conda
  platform: linux-64
  dependencies:
    __glibc: '>=2.17,<3.0.a0'
    libgcc: '>=13'
  url: https://conda.anaconda.org/conda-forge/linux-64/libnsl-2.0.1-hb9d3cd8_1.conda
  hash:
    md5: d864d34357c3b65a4b731f78c0801dc4
    sha256: 927fe72b054277cde6cb82597d0fcf6baf127dcbce2e0a9d8925a68f1265eef5
  category: main
  optional: false
- name: libopenblas
  version: 0.3.25
  manager: conda
  platform: linux-64
  dependencies:
    libgcc-ng: '>=12'
    libgfortran-ng: ''
    libgfortran5: '>=12.3.0'
  url: https://conda.anaconda.org/conda-forge/linux-64/libopenblas-0.3.25-pthreads_h413a1c8_0.conda
  hash:
    md5: d172b34a443b95f86089e8229ddc9a17
    sha256: 628564517895ee1b09cf72c817548bd80ef1acce6a8214a8520d9f7b44c4cfaf
  category: main
  optional: false
- name: libpng
  version: 1.6.43
  manager: conda
  platform: linux-64
  dependencies:
    libgcc-ng: '>=12'
    libzlib: '>=1.2.13,<2.0.0a0'
  url: https://conda.anaconda.org/conda-forge/linux-64/libpng-1.6.43-h2797004_0.conda
  hash:
    md5: 009981dd9cfcaa4dbfa25ffaed86bcae
    sha256: 502f6ff148ac2777cc55ae4ade01a8fc3543b4ffab25c4e0eaa15f94e90dd997
  category: main
  optional: false
- name: libprotobuf
  version: 3.19.4
  manager: conda
  platform: linux-64
  dependencies:
    libgcc-ng: '>=9.4.0'
    libstdcxx-ng: '>=9.4.0'
    libzlib: '>=1.2.11,<2.0.0a0'
    zlib: '>=1.2.11,<1.3.0a0'
  url: https://conda.anaconda.org/conda-forge/linux-64/libprotobuf-3.19.4-h780b84a_0.tar.bz2
  hash:
    md5: 9ff9ab8cc887d4bdebc7c7dba641626f
    sha256: 754ff504856e284e022944a96ab046c5234b0bb1d64e320080cfde358e85ef86
  category: main
  optional: false
- name: libsanitizer
  version: 15.2.0
  manager: conda
  platform: linux-64
  dependencies:
    __glibc: '>=2.17,<3.0.a0'
    libgcc: '>=15.2.0'
    libstdcxx: '>=15.2.0'
  url: https://conda.anaconda.org/conda-forge/linux-64/libsanitizer-15.2.0-h90f66d4_18.conda
  hash:
    md5: ff754fbe790d4e70cf38aea3668c3cb3
    sha256: 0329e23d54a567c259adc962a62172eaa55e6ca33c105ef67b4f3cdb4ef70eaa
  category: main
  optional: false
- name: libsqlite
  version: 3.46.0
  manager: conda
  platform: linux-64
  dependencies:
    libgcc-ng: '>=12'
    libzlib: '>=1.2.13,<2.0a0'
  url: https://conda.anaconda.org/conda-forge/linux-64/libsqlite-3.46.0-hde9e2c9_0.conda
  hash:
    md5: 18aa975d2094c34aef978060ae7da7d8
    sha256: daee3f68786231dad457d0dfde3f7f1f9a7f2018adabdbb864226775101341a8
  category: main
  optional: false
- name: libssh2
  version: 1.11.0
  manager: conda
  platform: linux-64
  dependencies:
    libgcc-ng: '>=12'
    libzlib: '>=1.2.13,<2.0.0a0'
    openssl: '>=3.1.1,<4.0a0'
  url: https://conda.anaconda.org/conda-forge/linux-64/libssh2-1.11.0-h0841786_0.conda
  hash:
    md5: 1f5a58e686b13bcfde88b93f547d23fe
    sha256: 50e47fd9c4f7bf841a11647ae7486f65220cfc988ec422a4475fe8d5a823824d
  category: main
  optional: false
- name: libstdcxx
  version: 15.2.0
  manager: conda
  platform: linux-64
  dependencies:
    __glibc: '>=2.17,<3.0.a0'
    libgcc: 15.2.0
  url: https://conda.anaconda.org/conda-forge/linux-64/libstdcxx-15.2.0-h934c35e_18.conda
  hash:
    md5: 1b08cd684f34175e4514474793d44bcb
    sha256: 78668020064fdaa27e9ab65cd2997e2c837b564ab26ce3bf0e58a2ce1a525c6e
  category: main
  optional: false
- name: libstdcxx-devel_linux-64
  version: 15.2.0
  manager: conda
  platform: linux-64
  dependencies:
    __unix: ''
  url: https://conda.anaconda.org/conda-forge/noarch/libstdcxx-devel_linux-64-15.2.0-hd446a21_118.conda
  hash:
    md5: a50630d1810916fc252b2152f1dc9d6d
    sha256: 138ee40ba770abf4556ee9981879da9e33299f406a450831b48c1c397d7d0833
  category: main
  optional: false
- name: libstdcxx-ng
  version: 15.2.0
  manager: conda
  platform: linux-64
  dependencies:
    libstdcxx: 15.2.0
  url: https://conda.anaconda.org/conda-forge/linux-64/libstdcxx-ng-15.2.0-hdf11a46_18.conda
  hash:
    md5: 6235adb93d064ecdf3d44faee6f468de
    sha256: 3c902ffd673cb3c6ddde624cdb80f870b6c835f8bf28384b0016e7d444dd0145
  category: main
  optional: false
- name: libzlib
  version: 1.2.13
  manager: conda
  platform: linux-64
  dependencies:
    libgcc-ng: '>=12'
  url: https://conda.anaconda.org/conda-forge/linux-64/libzlib-1.2.13-h4ab18f5_6.conda
  hash:
    md5: 27329162c0dc732bcf67a4e0cd488125
    sha256: 8ced4afed6322172182af503f21725d072a589a6eb918f8a58135c1e00d35980
  category: main
  optional: false
- name: mako
  version: 1.3.5
  manager: conda
  platform: linux-64
  dependencies:
    importlib-metadata: ''
    markupsafe: '>=0.9.2'
    python: '>=3.6'
  url: https://conda.anaconda.org/conda-forge/noarch/mako-1.3.5-pyhd8ed1ab_0.conda
  hash:
    md5: 29fddbfa0e2361636a98de4f46ead2ac
    sha256: f0b982e18e31ad373dd8f22ef5ffa0ae112fc13c573a5eb614814b4081c3ddcb
  category: main
  optional: false
- name: markdown
  version: '3.6'
  manager: conda
  platform: linux-64
  dependencies:
    importlib-metadata: '>=4.4'
    python: '>=3.6'
  url: https://conda.anaconda.org/conda-forge/noarch/markdown-3.6-pyhd8ed1ab_0.conda
  hash:
    md5: 06e9bebf748a0dea03ecbe1f0e27e909
    sha256: fce1fde00359696983989699c00f9891194c4ebafea647a8d21b7e2e3329b56e
  category: main
  optional: false
- name: markupsafe
  version: 2.1.1
  manager: conda
  platform: linux-64
  dependencies:
    libgcc-ng: '>=10.3.0'
    python: '>=3.7,<3.8.0a0'
    python_abi: 3.7.*
  url: https://conda.anaconda.org/conda-forge/linux-64/markupsafe-2.1.1-py37h540881e_1.tar.bz2
  hash:
    md5: a9123517674ab0589d955a5adbf58573
    sha256: 09e453a5053d4dfddc429d178651b51cfe5eabc947d10e8de6070137aadbc969
  category: main
  optional: false
- name: ncurses
  version: '6.5'
  manager: conda
  platform: linux-64
  dependencies:
    __glibc: '>=2.17,<3.0.a0'
    libgcc: '>=13'
  url: https://conda.anaconda.org/conda-forge/linux-64/ncurses-6.5-h2d0b736_3.conda
  hash:
    md5: 47e340acb35de30501a76c7c799c41d7
    sha256: 3fde293232fa3fca98635e1167de6b7c7fda83caf24b9d6c91ec9eefb4f4d586
  category: main
  optional: false
- name: numpy
  version: 1.21.6
  manager: conda
  platform: linux-64
  dependencies:
    libblas: '>=3.8.0,<4.0a0'
    libcblas: '>=3.8.0,<4.0a0'
    libgcc-ng: '>=10.3.0'
    liblapack: '>=3.8.0,<4.0a0'
    libstdcxx-ng: '>=10.3.0'
    python: '>=3.7,<3.8.0a0'
    python_abi: 3.7.*
  url: https://conda.anaconda.org/conda-forge/linux-64/numpy-1.21.6-py37h976b520_0.tar.bz2
  hash:
    md5: b0701d8dc4849b6e06caf1c84135c13c
    sha256: 89ff0557d8e55bd4944c0c283a91c18a2be62305b4b26a0a8a6e0938e550f7ee
  category: main
  optional: false
- name: openssl
  version: 3.6.2
  manager: conda
  platform: linux-64
  dependencies:
    __glibc: '>=2.17,<3.0.a0'
    ca-certificates: ''
    libgcc: '>=14'
  url: https://conda.anaconda.org/conda-forge/linux-64/openssl-3.6.2-h35e630c_0.conda
  hash:
    md5: da1b85b6a87e141f5140bb9924cecab0
    sha256: c0ef482280e38c71a08ad6d71448194b719630345b0c9c60744a2010e8a8e0cb
  category: main
  optional: false
- name: packaging
  version: '23.2'
  manager: conda
  platform: linux-64
  dependencies:
    python: '>=3.7'
  url: https://conda.anaconda.org/conda-forge/noarch/packaging-23.2-pyhd8ed1ab_0.conda
  hash:
    md5: 79002079284aa895f883c6b7f3f88fd6
    sha256: 69b3ace6cca2dab9047b2c24926077d81d236bef45329d264b394001e3c3e52f
  category: main
  optional: false
- name: pandas
  version: 1.3.5
  manager: conda
  platform: linux-64
  dependencies:
    libgcc-ng: '>=9.4.0'
    libstdcxx-ng: '>=9.4.0'
    numpy: '>=1.18.5,<2.0a0'
    python: '>=3.7,<3.8.0a0'
    python-dateutil: '>=2.7.3'
    python_abi: 3.7.*
    pytz: '>=2017.2'
    setuptools: <60.0.0
  url: https://conda.anaconda.org/conda-forge/linux-64/pandas-1.3.5-py37he8f5f7f_0.tar.bz2
  hash:
    md5: 6ebf1968b199a141a5cce6adaedb3651
    sha256: 51d626ef499e5ea7f9c5006174a7c73cd6b19d8294f9b0f8a858686faae1e675
  category: main
  optional: false
- name: protobuf
  version: 3.19.4
  manager: conda
  platform: linux-64
  dependencies:
    libgcc-ng: '>=9.4.0'
    libprotobuf: '>=3.19.4,<3.20.0a0'
    libstdcxx-ng: '>=9.4.0'
    python: '>=3.7,<3.8.0a0'
    python_abi: 3.7.*
    setuptools: ''
    six: ''
  url: https://conda.anaconda.org/conda-forge/linux-64/protobuf-3.19.4-py37hcd2ae1e_0.tar.bz2
  hash:
    md5: 14e2320fe1812c19bd10eb677e78741d
    sha256: 1630f05d7b27a6ee0a4e3fd2a8b130b2fd2da5c119db103b03907c65b4075ab6
  category: main
  optional: false
- name: pyfaidx
  version: 0.9.0.4
  manager: conda
  platform: linux-64
  dependencies:
    biopython: ''
    importlib-metadata: ''
    packaging: ''
    python: '>=3.7'
    pyvcf3: ''
    setuptools: ''
    six: ''
  url: https://conda.anaconda.org/bioconda/noarch/pyfaidx-0.9.0.4-pyhdfd78af_0.conda
  hash:
    md5: 75ed54b24e699257e168b130aef5f71c
    sha256: d90a12928b785905f1004579fbc81979458adac45951df32dc1adb9cfe5bff89
  category: main
  optional: false
- name: pygpu
  version: 0.7.6
  manager: conda
  platform: linux-64
  dependencies:
    libgcc-ng: '>=9.4.0'
    libgpuarray: 0.7.6
    mako: ''
    numpy: '>=1.18.5,<2.0a0'
    python: '>=3.7,<3.8.0a0'
    python_abi: 3.7.*
    six: ''
  url: https://conda.anaconda.org/conda-forge/linux-64/pygpu-0.7.6-py37hb1e94ed_1003.tar.bz2
  hash:
    md5: 438ae92ba1bd20cb9b6bdf33b730f42d
    sha256: 65a620a3764acd196dbb1c2bbbfa47b860a73ad909c0e1674895dff4b527b305
  category: main
  optional: false
- name: pysam
  version: 0.16.0
  manager: conda
  platform: linux-64
  dependencies:
    bzip2: '>=1.0.8,<2.0a0'
    curl: ''
    libdeflate: '>=1.6,<1.26.0a0'
    libgcc-ng: '>=7.5.0'
    python: '>=3.7,<3.8.0a0'
    python_abi: 3.7.*
    xz: '>=5.2.5,<5.3.0a0'
    zlib: '>=1.2.11,<1.3.0a0'
  url: https://conda.anaconda.org/bioconda/linux-64/pysam-0.16.0-py37ha9a96c6_0.tar.bz2
  hash:
    md5: 997602d8bc35dd993d44ecb1d484a210
    sha256: 9a56851b59a01f078bdc5e74489087745f3673df4122a6ee5bdb669b27b2f47b
  category: main
  optional: false
- name: python
  version: 3.7.12
  manager: conda
  platform: linux-64
  dependencies:
    ld_impl_linux-64: '>=2.34'
    libffi: '>=3.4.2,<3.5.0a0'
    libgcc-ng: '>=9.4.0'
    libnsl: '>=2.0.0,<2.1.0a0'
    libstdcxx-ng: '>=9.4.0'
    libzlib: '>=1.2.11,<2.0.0a0'
    ncurses: '>=6.2,<7.0.0a0'
    openssl: '>=3.0.0,<4.0a0'
    readline: '>=8.1,<9.0a0'
    sqlite: '>=3.36.0,<4.0a0'
    tk: '>=8.6.11,<8.7.0a0'
    xz: '>=5.2.5,<6.0.0a0'
  url: https://conda.anaconda.org/conda-forge/linux-64/python-3.7.12-hf930737_100_cpython.tar.bz2
  hash:
    md5: 416558a6f46b7a1fa8db7d0e98aff56a
    sha256: 7d8980562258f240e0f296afe46948eed9ab5034dfafec0079df08f51d27d45d
  category: main
  optional: false
- name: python-dateutil
  version: 2.9.0
  manager: conda
  platform: linux-64
  dependencies:
    python: '>=3.7'
    six: '>=1.5'
  url: https://conda.anaconda.org/conda-forge/noarch/python-dateutil-2.9.0-pyhd8ed1ab_0.conda
  hash:
    md5: 2cf4264fffb9e6eff6031c5b6884d61c
    sha256: f3ceef02ac164a8d3a080d0d32f8e2ebe10dd29e3a685d240e38b3599e146320
  category: main
  optional: false
- name: python_abi
  version: '3.7'
  manager: conda
  platform: linux-64
  dependencies: {}
  url: https://conda.anaconda.org/conda-forge/linux-64/python_abi-3.7-4_cp37m.conda
  hash:
    md5: d5fa71a1bac31ad985348ffff6b399c4
    sha256: 41e24c44ace2f1c1e72995deb7feb00d537eb2327d8d3fea35e5042015e4dcab
  category: main
  optional: false
- name: pytz
  version: '2024.2'
  manager: conda
  platform: linux-64
  dependencies:
    python: '>=3.7'
  url: https://conda.anaconda.org/conda-forge/noarch/pytz-2024.2-pyhd8ed1ab_0.conda
  hash:
    md5: 260009d03c9d5c0f111904d851f053dc
    sha256: 81c16d9183bb4a6780366ce874e567ee5fc903722f85b2f8d1d9479ef1dafcc9
  category: main
  optional: false
- name: pyvcf3
  version: 1.0.3
  manager: conda
  platform: linux-64
  dependencies:
    python: 3.*
  url: https://conda.anaconda.org/bioconda/noarch/pyvcf3-1.0.3-pyhdfd78af_0.tar.bz2
  hash:
    md5: 2471bf4fad9f15602ad24164adf1a22a
    sha256: 5283bca618cea395f5aabdc40a9a136c0203c247e16935a2b250e84670e1dccb
  category: main
  optional: false
- name: pyyaml
  version: '6.0'
  manager: conda
  platform: linux-64
  dependencies:
    libgcc-ng: '>=10.3.0'
    python: '>=3.7,<3.8.0a0'
    python_abi: 3.7.*
    yaml: '>=0.2.5,<0.3.0a0'
  url: https://conda.anaconda.org/conda-forge/linux-64/pyyaml-6.0-py37h540881e_4.tar.bz2
  hash:
    md5: f231119f9790da6da6bd93b250b7e42e
    sha256: 24087d565be1b0ec11c6cd1e73e73a44c2a7b01c33a1b1271cc33d701e2a41ad
  category: main
  optional: false
- name: readline
  version: '8.3'
  manager: conda
  platform: linux-64
  dependencies:
    __glibc: '>=2.17,<3.0.a0'
    libgcc: '>=14'
    ncurses: '>=6.5,<7.0a0'
  url: https://conda.anaconda.org/conda-forge/linux-64/readline-8.3-h853b02a_0.conda
  hash:
    md5: d7d95fc8287ea7bf33e0e7116d2b95ec
    sha256: 12ffde5a6f958e285aa22c191ca01bbd3d6e710aa852e00618fa6ddc59149002
  category: main
  optional: false
- name: scipy
  version: 1.7.3
  manager: conda
  platform: linux-64
  dependencies:
    libblas: '>=3.8.0,<4.0a0'
    libcblas: '>=3.8.0,<4.0a0'
    libgcc-ng: '>=9.4.0'
    libgfortran-ng: ''
    libgfortran5: '>=9.4.0'
    liblapack: '>=3.8.0,<4.0a0'
    libstdcxx-ng: '>=9.4.0'
    numpy: '>=1.18.5,<2.0a0'
    python: '>=3.7,<3.8.0a0'
    python_abi: 3.7.*
  url: https://conda.anaconda.org/conda-forge/linux-64/scipy-1.7.3-py37hf2a6cf1_0.tar.bz2
  hash:
    md5: 129c613e1d0f09d9fd0473a0da6161a9
    sha256: 42cdbe0f76fbde764501bff3958307ba3cda901bdf3d99153543e83becd9a072
  category: main
  optional: false
- name: setuptools
  version: 59.8.0
  manager: conda
  platform: linux-64
  dependencies:
    python: '>=3.7,<3.8.0a0'
    python_abi: 3.7.*
  url: https://conda.anaconda.org/conda-forge/linux-64/setuptools-59.8.0-py37h89c1867_1.tar.bz2
  hash:
    md5: 136867136f5a231f42cb5ea0e0b5a18b
    sha256: d61584de40532593160e3838b6da23c7b4168813aaa3d89463178abf28232bd2
  category: main
  optional: false
- name: six
  version: 1.16.0
  manager: conda
  platform: linux-64
  dependencies:
    python: ''
  url: https://conda.anaconda.org/conda-forge/noarch/six-1.16.0-pyh6c4a22f_0.tar.bz2
  hash:
    md5: e5f25f8dbc060e9a8d912e432202afc2
    sha256: a85c38227b446f42c5b90d9b642f2c0567880c15d72492d8da074a59c8f91dd6
  category: main
  optional: false
- name: spliceai
  version: 1.3.1
  manager: conda
  platform: linux-64
  dependencies:
    keras: '>=2.0.5'
    numpy: '>=1.14.0'
    pandas: '>=0.24.2'
    pyfaidx: '>=0.5.0'
    pysam: '>=0.10.0'
    python: ''
    tensorflow: '>=1.13.0'
  url: https://conda.anaconda.org/bioconda/noarch/spliceai-1.3.1-pyh864c0ab_1.tar.bz2
  hash:
    md5: 517cf61b11586ad59eec43114df29ded
    sha256: 252f5e76759a7bae6753eb5772c5331e260776bc876bff11af2b2d99960ab203
  category: main
  optional: false
- name: sqlite
  version: 3.46.0
  manager: conda
  platform: linux-64
  dependencies:
    libgcc-ng: '>=12'
    libsqlite: 3.46.0
    libzlib: '>=1.2.13,<2.0a0'
    ncurses: '>=6.5,<7.0a0'
    readline: '>=8.2,<9.0a0'
  url: https://conda.anaconda.org/conda-forge/linux-64/sqlite-3.46.0-h6d4b2fc_0.conda
  hash:
    md5: 77ea8dff5cf8550cc8f5629a6af56323
    sha256: e849d576e52bf3e6fc5786f89b7d76978f2e2438587826c95570324cb572e52b
  category: main
  optional: false
- name: sysroot_linux-64
  version: '2.28'
  manager: conda
  platform: linux-64
  dependencies:
    __glibc: '>=2.28'
    kernel-headers_linux-64: 4.18.0
    tzdata: ''
  url: https://conda.anaconda.org/conda-forge/noarch/sysroot_linux-64-2.28-h4ee821c_9.conda
  hash:
    md5: 13dc3adbc692664cd3beabd216434749
    sha256: c47299fe37aebb0fcf674b3be588e67e4afb86225be4b0d452c7eb75c086b851
  category: main
  optional: false
- name: tabix
  version: '1.11'
  manager: conda
  platform: linux-64
  dependencies:
    htslib: '>=1.9'
  url: https://conda.anaconda.org/bioconda/noarch/tabix-1.11-hdfd78af_0.tar.bz2
  hash:
    md5: cb68d74b5a5ca94b745ce168b1043dfd
    sha256: 9cc71617773a5d12e696d707b8bfa8934984b59e75913a32b65ea3c2121669a7
  category: main
  optional: false
- name: tensorboard
  version: 1.14.0
  manager: conda
  platform: linux-64
  dependencies:
    markdown: '>=2.6.8'
    numpy: '>=1.12.0'
    protobuf: '>=3.4.0'
    python: '>=3.7,<3.8.0a0'
    six: '>=1.10.0'
    werkzeug: '>=0.11.10'
  url: https://conda.anaconda.org/conda-forge/linux-64/tensorboard-1.14.0-py37_0.tar.bz2
  hash:
    md5: 09dd611f31c41b3b2437084e5fa7a59c
    sha256: c99665d6797f139e8cac96e7916df8c6ee0c2252261f89bd9bcfd10aca0db1b8
  category: main
  optional: false
- name: tensorflow
  version: 1.14.0
  manager: conda
  platform: linux-64
  dependencies:
    libcurl: '>=7.71.1,<9.0a0'
    libgcc-ng: '>=5.4.0'
    libpng: '>=1.6.37,<1.7.0a0'
    libstdcxx-ng: '>=5.4.0'
    python_abi: 3.7.*
    tensorflow-base: 1.14.0
    zlib: '>=1.2.11,<1.3.0a0'
  url: https://conda.anaconda.org/conda-forge/linux-64/tensorflow-1.14.0-h4531e10_0.tar.bz2
  hash:
    md5: b7982f2798e4b7fdb951648a7eb7ecdc
    sha256: 7ecf6cd8eb71dcec2232ca8c0eecdc62517e6bef26668a43aa92d1c5f9694d95
  category: main
  optional: false
- name: tensorflow-base
  version: 1.14.0
  manager: conda
  platform: linux-64
  dependencies:
    absl-py: '>=0.7.0'
    astor: '>=0.6.0'
    gast: '>=0.2.0'
    google-pasta: '>=0.1.6'
    grpcio: '>=1.8.6'
    keras-applications: '>=1.0.6'
    keras-preprocessing: '>=1.0.5'
    libcurl: '>=7.71.1,<9.0a0'
    libgcc-ng: '>=5.4.0'
    libpng: '>=1.6.37,<1.7.0a0'
    libstdcxx-ng: '>=5.4.0'
    numpy: '>=1.16.1,<2.0a0'
    protobuf: '>=3.6.1'
    python: '>=3.7,<3.8.0a0'
    python_abi: 3.7.*
    six: '>=1.10.0'
    tensorboard: '>=1.14.0,<1.15.0a0'
    tensorflow-estimator: '>=1.14.0rc0,<1.15.0a0'
    termcolor: '>=1.1.0'
    wrapt: '>=1.11.1'
    zlib: '>=1.2.11,<1.3.0a0'
  url: https://conda.anaconda.org/conda-forge/linux-64/tensorflow-base-1.14.0-py37h4531e10_0.tar.bz2
  hash:
    md5: e264e64e408b5dc5bfd6897370cd3bff
    sha256: 0492583d6b28e7dd5397c66871328f6910b7fb2a4dc0e25bea4f899bff80ef17
  category: main
  optional: false
- name: tensorflow-estimator
  version: 1.14.0
  manager: conda
  platform: linux-64
  dependencies:
    absl-py: '>=0.7.0'
    astor: '>=0.6.0'
    gast: '>=0.2.0'
    grpcio: '>=1.8.6'
    numpy: '>=1.16.1'
    protobuf: '>=3.6.1'
    python: '>=3.7,<3.8.0a0'
    six: '>=1.10.0'
    termcolor: '>=1.1.0'
    wrapt: '>=1.11.1'
  url: https://conda.anaconda.org/conda-forge/linux-64/tensorflow-estimator-1.14.0-py37h5ca1d4c_0.tar.bz2
  hash:
    md5: 26808610665fad6b360da598ed1cd734
    sha256: 999511e39bfe7a48cb2fa5fb8e06373b77bacb97b1a49dd8fca71be9b57dd7aa
  category: main
  optional: false
- name: termcolor
  version: 2.3.0
  manager: conda
  platform: linux-64
  dependencies:
    python: '>=3.7'
  url: https://conda.anaconda.org/conda-forge/noarch/termcolor-2.3.0-pyhd8ed1ab_0.conda
  hash:
    md5: 440d508f025b1692168caaf436504af3
    sha256: db8c38777093d87fc05dc3f57d26c171c4e4896f17a013c6f839050c989a759e
  category: main
  optional: false
- name: theano
  version: 1.0.4
  manager: conda
  platform: linux-64
  dependencies:
    gcc_linux-64: ''
    gxx_linux-64: ''
    libgcc-ng: '>=7.3.0'
    libstdcxx-ng: '>=7.3.0'
    numpy: '>=1.9.1'
    pygpu: '>=0.7.0,<0.8'
    python: '>=3.7,<3.8.0a0'
    scipy: '>=0.14'
    setuptools: ''
    six: '>=1.9.0'
  url: https://conda.anaconda.org/conda-forge/linux-64/theano-1.0.4-py37hf484d3e_1000.tar.bz2
  hash:
    md5: 66af60d4273eb5132f5a6504f19d5771
    sha256: 83d71e4ff0d2f76db384ce10d12be318e9306ce1882e470e62987ede0e0f943e
  category: main
  optional: false
- name: tk
  version: 8.6.13
  manager: conda
  platform: linux-64
  dependencies:
    libgcc-ng: '>=12'
    libzlib: '>=1.2.13,<2.0.0a0'
  url: https://conda.anaconda.org/conda-forge/linux-64/tk-8.6.13-noxft_h4845f30_101.conda
  hash:
    md5: d453b98d9c83e71da0741bb0ff4d76bc
    sha256: e0569c9caa68bf476bead1bed3d79650bb080b532c64a4af7d8ca286c08dea4e
  category: main
  optional: false
- name: typing_extensions
  version: 4.7.1
  manager: conda
  platform: linux-64
  dependencies:
    python: '>=3.7'
  url: https://conda.anaconda.org/conda-forge/noarch/typing_extensions-4.7.1-pyha770c72_0.conda
  hash:
    md5: c39d6a09fe819de4951c2642629d9115
    sha256: 6edd6d5be690be492712cb747b6d62707f0d0c34ef56eefc796d91e5a03187d1
  category: main
  optional: false
- name: tzdata
  version: 2025c
  manager: conda
  platform: linux-64
  dependencies: {}
  url: https://conda.anaconda.org/conda-forge/noarch/tzdata-2025c-hc9c84f9_1.conda
  hash:
    md5: ad659d0a2b3e47e38d829aa8cad2d610
    sha256: 1d30098909076af33a35017eed6f2953af1c769e273a0626a04722ac4acaba3c
  category: main
  optional: false
- name: werkzeug
  version: 2.2.3
  manager: conda
  platform: linux-64
  dependencies:
    markupsafe: '>=2.1.1'
    python: '>=3.7'
  url: https://conda.anaconda.org/conda-forge/noarch/werkzeug-2.2.3-pyhd8ed1ab_0.conda
  hash:
    md5: 94dea682ba9d8e091e1f46872886fb1f
    sha256: 38f68541580b74ed91396a67766fb96088f7b161bfd203675ed7a257d642e2e3
  category: main
  optional: false
- name: wrapt
  version: 1.14.1
  manager: conda
  platform: linux-64
  dependencies:
    libgcc-ng: '>=10.3.0'
    python: '>=3.7,<3.8.0a0'
    python_abi: 3.7.*
  url: https://conda.anaconda.org/conda-forge/linux-64/wrapt-1.14.1-py37h540881e_0.tar.bz2
  hash:
    md5: e5e85a4d8c788b1e39cf39120db964d9
    sha256: b0816246e1cad4effe07e6c311a1fbd65fb3b05aee31cfca5c9b26f038ad9c03
  category: main
  optional: false
- name: xz
  version: 5.2.6
  manager: conda
  platform: linux-64
  dependencies:
    libgcc-ng: '>=12'
  url: https://conda.anaconda.org/conda-forge/linux-64/xz-5.2.6-h166bdaf_0.tar.bz2
  hash:
    md5: 2161070d867d1b1204ea749c8eec4ef0
    sha256: 03a6d28ded42af8a347345f82f3eebdd6807a08526d47899a42d62d319609162
  category: main
  optional: false
- name: yaml
  version: 0.2.5
  manager: conda
  platform: linux-64
  dependencies:
    __glibc: '>=2.17,<3.0.a0'
    libgcc: '>=14'
  url: https://conda.anaconda.org/conda-forge/linux-64/yaml-0.2.5-h280c20c_3.conda
  hash:
    md5: a77f85f77be52ff59391544bfe73390a
    sha256: 6d9ea2f731e284e9316d95fa61869fe7bbba33df7929f82693c121022810f4ad
  category: main
  optional: false
- name: zipp
  version: 3.15.0
  manager: conda
  platform: linux-64
  dependencies:
    python: '>=3.7'
  url: https://conda.anaconda.org/conda-forge/noarch/zipp-3.15.0-pyhd8ed1ab_0.conda
  hash:
    md5: 13018819ca8f5b7cc675a8faf1f5fedf
    sha256: 241de30545299be9bcea3addf8a2c22a3b3d4ba6730890e150ab690ac937a3d2
  category: main
  optional: false
- name: zlib
  version: 1.2.13
  manager: conda
  platform: linux-64
  dependencies:
    libgcc-ng: '>=12'
    libzlib: 1.2.13
  url: https://conda.anaconda.org/conda-forge/linux-64/zlib-1.2.13-h4ab18f5_6.conda
  hash:
    md5: 559d338a4234c2ad6e676f460a093e67
    sha256: 534824ea44939f3e59ca8ebb95e3ece6f50f9d2a0e69999fbc692311252ed6ac
  category: main
  optional: false
- name: zstd
  version: 1.5.6
  manager: conda
  platform: linux-64
  dependencies:
    libgcc-ng: '>=12'
    libstdcxx-ng: '>=12'
    libzlib: '>=1.2.13,<2.0.0a0'
  url: https://conda.anaconda.org/conda-forge/linux-64/zstd-1.5.6-ha6fb4c9_0.conda
  hash:
    md5: 4d056880988120e29d75bfff282e0f45
    sha256: c558b9cc01d9c1444031bd1ce4b9cff86f9085765f17627a6cd85fc623c8a02b
  category: main
  optional: false
